PODS:
  - Firebase/Auth (3.14.0):
    - Firebase/Core
    - FirebaseAuth (= 3.1.1)
  - Firebase/Core (3.14.0):
    - FirebaseAnalytics (= 3.7.0)
    - FirebaseCore (= 3.5.1)
  - Firebase/Database (3.14.0):
    - Firebase/Core
    - FirebaseDatabase (= 3.1.2)
  - Firebase/Storage (3.14.0):
    - Firebase/Core
    - FirebaseStorage (= 1.1.0)
  - FirebaseAnalytics (3.7.0):
    - FirebaseCore (~> 3.5)
    - FirebaseInstanceID (~> 1.0)
    - GoogleToolboxForMac/NSData+zlib (~> 2.1)
  - FirebaseAuth (3.1.1):
    - FirebaseAnalytics (~> 3.7)
    - GoogleToolboxForMac/NSDictionary+URLArguments (~> 2.1)
    - GTMSessionFetcher/Core (~> 1.1)
  - FirebaseCore (3.5.1):
    - GoogleToolboxForMac/NSData+zlib (~> 2.1)
  - FirebaseDatabase (3.1.2):
    - FirebaseAnalytics (~> 3.7)
  - FirebaseInstanceID (1.0.9)
  - FirebaseStorage (1.1.0):
    - FirebaseAnalytics (~> 3.7)
    - GTMSessionFetcher/Core (~> 1.1)
  - GoogleToolboxForMac/DebugUtils (2.1.1):
    - GoogleToolboxForMac/Defines (= 2.1.1)
  - GoogleToolboxForMac/Defines (2.1.1)
  - GoogleToolboxForMac/NSData+zlib (2.1.1):
    - GoogleToolboxForMac/Defines (= 2.1.1)
  - GoogleToolboxForMac/NSDictionary+URLArguments (2.1.1):
    - GoogleToolboxForMac/DebugUtils (= 2.1.1)
    - GoogleToolboxForMac/Defines (= 2.1.1)
    - GoogleToolboxForMac/NSString+URLArguments (= 2.1.1)
  - GoogleToolboxForMac/NSString+URLArguments (2.1.1)
  - GTMSessionFetcher/Core (1.1.8)
  - MaterialComponents (22.0.0):
    - MaterialComponents/ActivityIndicator (= 22.0.0)
    - MaterialComponents/AnimationTiming (= 22.0.0)
    - MaterialComponents/AppBar (= 22.0.0)
    - MaterialComponents/ButtonBar (= 22.0.0)
    - MaterialComponents/Buttons (= 22.0.0)
    - MaterialComponents/CollectionCells (= 22.0.0)
    - MaterialComponents/CollectionLayoutAttributes (= 22.0.0)
    - MaterialComponents/Collections (= 22.0.0)
    - MaterialComponents/Dialogs (= 22.0.0)
    - MaterialComponents/FeatureHighlight (= 22.0.0)
    - MaterialComponents/FlexibleHeader (= 22.0.0)
    - MaterialComponents/HeaderStackView (= 22.0.0)
    - MaterialComponents/Ink (= 22.0.0)
    - MaterialComponents/NavigationBar (= 22.0.0)
    - MaterialComponents/OverlayWindow (= 22.0.0)
    - MaterialComponents/PageControl (= 22.0.0)
    - MaterialComponents/Palettes (= 22.0.0)
    - MaterialComponents/private (= 22.0.0)
    - MaterialComponents/ProgressView (= 22.0.0)
    - MaterialComponents/ShadowElevations (= 22.0.0)
    - MaterialComponents/ShadowLayer (= 22.0.0)
    - MaterialComponents/Slider (= 22.0.0)
    - MaterialComponents/Snackbar (= 22.0.0)
    - MaterialComponents/Tabs (= 22.0.0)
    - MaterialComponents/Typography (= 22.0.0)
  - MaterialComponents/ActivityIndicator (22.0.0):
    - MaterialComponents/private/Application
    - MaterialComponents/private/RTL
  - MaterialComponents/AnimationTiming (22.0.0)
  - MaterialComponents/AppBar (22.0.0):
    - MaterialComponents/FlexibleHeader
    - MaterialComponents/HeaderStackView
    - MaterialComponents/NavigationBar
    - MaterialComponents/private/Icons/ic_arrow_back
    - MaterialComponents/private/RTL
    - MaterialComponents/ShadowElevations
    - MaterialComponents/ShadowLayer
    - MaterialComponents/Typography
  - MaterialComponents/ButtonBar (22.0.0):
    - MaterialComponents/Buttons
    - MaterialComponents/private/RTL
  - MaterialComponents/Buttons (22.0.0):
    - MaterialComponents/Ink
    - MaterialComponents/ShadowElevations
    - MaterialComponents/ShadowLayer
    - MaterialComponents/Typography
    - MDFTextAccessibility
  - MaterialComponents/CollectionCells (22.0.0):
    - MaterialComponents/CollectionLayoutAttributes
    - MaterialComponents/Ink
    - MaterialComponents/private/Icons/ic_check
    - MaterialComponents/private/Icons/ic_check_circle
    - MaterialComponents/private/Icons/ic_chevron_right
    - MaterialComponents/private/Icons/ic_info
    - MaterialComponents/private/Icons/ic_radio_button_unchecked
    - MaterialComponents/private/Icons/ic_reorder
    - MaterialComponents/private/RTL
    - MaterialComponents/Typography
  - MaterialComponents/CollectionLayoutAttributes (22.0.0)
  - MaterialComponents/Collections (22.0.0):
    - MaterialComponents/CollectionCells
    - MaterialComponents/CollectionLayoutAttributes
    - MaterialComponents/Ink
    - MaterialComponents/ShadowElevations
    - MaterialComponents/ShadowLayer
    - MaterialComponents/Typography
  - MaterialComponents/Dialogs (22.0.0):
    - MaterialComponents/Buttons
    - MaterialComponents/private/KeyboardWatcher
    - MaterialComponents/private/RTL
    - MaterialComponents/ShadowElevations
    - MaterialComponents/ShadowLayer
  - MaterialComponents/FeatureHighlight (22.0.0):
    - MaterialComponents/Typography
    - MDFTextAccessibility
  - MaterialComponents/FlexibleHeader (22.0.0):
    - MaterialComponents/private/Application
    - MDFTextAccessibility
  - MaterialComponents/HeaderStackView (22.0.0)
  - MaterialComponents/Ink (22.0.0)
  - MaterialComponents/NavigationBar (22.0.0):
    - MaterialComponents/ButtonBar
    - MaterialComponents/private/RTL
    - MaterialComponents/Typography
    - MDFTextAccessibility
  - MaterialComponents/OverlayWindow (22.0.0):
    - MaterialComponents/private/Application
  - MaterialComponents/PageControl (22.0.0)
  - MaterialComponents/Palettes (22.0.0)
  - MaterialComponents/private (22.0.0):
    - MaterialComponents/private/Application (= 22.0.0)
    - MaterialComponents/private/Icons (= 22.0.0)
    - MaterialComponents/private/KeyboardWatcher (= 22.0.0)
    - MaterialComponents/private/Overlay (= 22.0.0)
    - MaterialComponents/private/RTL (= 22.0.0)
    - MaterialComponents/private/ThumbTrack (= 22.0.0)
  - MaterialComponents/private/Application (22.0.0)
  - MaterialComponents/private/Icons (22.0.0):
    - MaterialComponents/private/Icons/Base (= 22.0.0)
    - MaterialComponents/private/Icons/ic_arrow_back (= 22.0.0)
    - MaterialComponents/private/Icons/ic_check (= 22.0.0)
    - MaterialComponents/private/Icons/ic_check_circle (= 22.0.0)
    - MaterialComponents/private/Icons/ic_chevron_right (= 22.0.0)
    - MaterialComponents/private/Icons/ic_info (= 22.0.0)
    - MaterialComponents/private/Icons/ic_radio_button_unchecked (= 22.0.0)
    - MaterialComponents/private/Icons/ic_reorder (= 22.0.0)
  - MaterialComponents/private/Icons/Base (22.0.0)
  - MaterialComponents/private/Icons/ic_arrow_back (22.0.0):
    - MaterialComponents/private/Icons/Base
  - MaterialComponents/private/Icons/ic_check (22.0.0):
    - MaterialComponents/private/Icons/Base
  - MaterialComponents/private/Icons/ic_check_circle (22.0.0):
    - MaterialComponents/private/Icons/Base
  - MaterialComponents/private/Icons/ic_chevron_right (22.0.0):
    - MaterialComponents/private/Icons/Base
  - MaterialComponents/private/Icons/ic_info (22.0.0):
    - MaterialComponents/private/Icons/Base
  - MaterialComponents/private/Icons/ic_radio_button_unchecked (22.0.0):
    - MaterialComponents/private/Icons/Base
  - MaterialComponents/private/Icons/ic_reorder (22.0.0):
    - MaterialComponents/private/Icons/Base
  - MaterialComponents/private/KeyboardWatcher (22.0.0):
    - MaterialComponents/private/Application
  - MaterialComponents/private/Overlay (22.0.0)
  - MaterialComponents/private/RTL (22.0.0)
  - MaterialComponents/private/ThumbTrack (22.0.0):
    - MaterialComponents/Ink
    - MaterialComponents/private/RTL
    - MaterialComponents/ShadowElevations
    - MaterialComponents/ShadowLayer
    - MaterialComponents/Typography
  - MaterialComponents/ProgressView (22.0.0):
    - MaterialComponents/private/RTL
  - MaterialComponents/ShadowElevations (22.0.0)
  - MaterialComponents/ShadowLayer (22.0.0)
  - MaterialComponents/Slider (22.0.0):
    - MaterialComponents/private/ThumbTrack
  - MaterialComponents/Snackbar (22.0.0):
    - MaterialComponents/AnimationTiming
    - MaterialComponents/Buttons
    - MaterialComponents/OverlayWindow
    - MaterialComponents/private/Application
    - MaterialComponents/private/KeyboardWatcher
    - MaterialComponents/private/Overlay
    - MaterialComponents/Typography
  - MaterialComponents/Tabs (22.0.0):
    - MaterialComponents/AnimationTiming
    - MaterialComponents/Ink
    - MaterialComponents/private/RTL
    - MaterialComponents/Typography
  - MaterialComponents/Typography (22.0.0):
    - MaterialComponents/private/Application
  - MDFTextAccessibility (1.1.4)

DEPENDENCIES:
  - Firebase/Auth
  - Firebase/Database
  - Firebase/Storage
  - MaterialComponents

SPEC CHECKSUMS:
  Firebase: 85a581fb04e44f63ae9f4fbc8d6dabf4a4c18653
  FirebaseAnalytics: 0d1b7d81d5021155be37702a94ba1ec16d45365d
  FirebaseAuth: cc8a1824170adbd351edb7f994490a3fb5c18be6
  FirebaseCore: 225d40532489835a034b8f4e2c9c87fbf4f615a2
  FirebaseDatabase: 05c96d7b43a7368dc91c07791adb49683e1738d1
  FirebaseInstanceID: 2d0518b1378fe9d685ef40cbdd63d2fdc1125339
  FirebaseStorage: a5c55b23741a49a72af8f30f95b3bb5ddbeda12d
  GoogleToolboxForMac: 8e329f1b599f2512c6b10676d45736bcc2cbbeb0
  GTMSessionFetcher: 6f8d8b28b7e345549ac471071608170b31cb4977
  MaterialComponents: 5b9fb963ed4fa4c5d7a337cc6867c5ba65d8d324
  MDFTextAccessibility: aa897b2675bc614c01a331053af680deea692148

PODFILE CHECKSUM: c980c93f745ed7a37560cde6ff4f19d1ebdf12a9

COCOAPODS: 1.2.0
