// !$*UTF8*$!
{
	archiveVersion = 1;
	classes = {
	};
	objectVersion = 46;
	objects = {

/* Begin PBXBuildFile section */
		205FB6A8ECD6C759BD6E99DF /* Pods_Gif_2_Table.framework in Frameworks */ = {isa = PBXBuildFile; fileRef = 302F39A85D5ACE0E486994D3 /* Pods_Gif_2_Table.framework */; };
		700178D51EB76438006AEF48 /* AVKit.framework in Frameworks */ = {isa = PBXBuildFile; fileRef = 700178D41EB76438006AEF48 /* AVKit.framework */; };
		700178DB1EB9788C006AEF48 /* Luna.ttf in Resources */ = {isa = PBXBuildFile; fileRef = 700178DA1EB9788C006AEF48 /* Luna.ttf */; };
		700178DD1EB97896006AEF48 /* Mandela Script Personal Use.otf in Resources */ = {isa = PBXBuildFile; fileRef = 700178DC1EB97896006AEF48 /* Mandela Script Personal Use.otf */; };
		700178E01EB97B5B006AEF48 /* HelloIshBig.ttf in Resources */ = {isa = PBXBuildFile; fileRef = 700178DF1EB97B5B006AEF48 /* HelloIshBig.ttf */; };
		700178E21EB97F86006AEF48 /* KGLifeisMessy.ttf in Resources */ = {isa = PBXBuildFile; fileRef = 700178E11EB97F86006AEF48 /* KGLifeisMessy.ttf */; };
		700BC9191EAA6843002EB83A /* AppDelegate.swift in Sources */ = {isa = PBXBuildFile; fileRef = 700BC9181EAA6843002EB83A /* AppDelegate.swift */; };
		700BC91B1EAA6843002EB83A /* MainVC.swift in Sources */ = {isa = PBXBuildFile; fileRef = 700BC91A1EAA6843002EB83A /* MainVC.swift */; };
		700BC9211EAA6843002EB83A /* Gif_2_Table.xcdatamodeld in Sources */ = {isa = PBXBuildFile; fileRef = 700BC91F1EAA6843002EB83A /* Gif_2_Table.xcdatamodeld */; };
		700BC9231EAA6843002EB83A /* Assets.xcassets in Resources */ = {isa = PBXBuildFile; fileRef = 700BC9221EAA6843002EB83A /* Assets.xcassets */; };
		700BC9261EAA6843002EB83A /* LaunchScreen.storyboard in Resources */ = {isa = PBXBuildFile; fileRef = 700BC9241EAA6843002EB83A /* LaunchScreen.storyboard */; };
		700BC92E1EAA726A002EB83A /* CategoryBar.swift in Sources */ = {isa = PBXBuildFile; fileRef = 700BC92D1EAA726A002EB83A /* CategoryBar.swift */; };
		700BC9301EAABE2C002EB83A /* Extensions+globalAttributes.swift in Sources */ = {isa = PBXBuildFile; fileRef = 700BC92F1EAABE2C002EB83A /* Extensions+globalAttributes.swift */; };
		700BC9361EAAC2F2002EB83A /* IngredientsView.swift in Sources */ = {isa = PBXBuildFile; fileRef = 700BC9351EAAC2F2002EB83A /* IngredientsView.swift */; };
		700BC93A1EAC15DA002EB83A /* RecipeObject.swift in Sources */ = {isa = PBXBuildFile; fileRef = 700BC9391EAC15DA002EB83A /* RecipeObject.swift */; };
		702888491ECA107C005B27BA /* DislikedRecipe+CoreDataClass.swift in Sources */ = {isa = PBXBuildFile; fileRef = 702888451ECA107C005B27BA /* DislikedRecipe+CoreDataClass.swift */; };
		7028884A1ECA107C005B27BA /* DislikedRecipe+CoreDataProperties.swift in Sources */ = {isa = PBXBuildFile; fileRef = 702888461ECA107C005B27BA /* DislikedRecipe+CoreDataProperties.swift */; };
		7028884B1ECA107C005B27BA /* LikedRecipe+CoreDataClass.swift in Sources */ = {isa = PBXBuildFile; fileRef = 702888471ECA107C005B27BA /* LikedRecipe+CoreDataClass.swift */; };
		7028884C1ECA107C005B27BA /* LikedRecipe+CoreDataProperties.swift in Sources */ = {isa = PBXBuildFile; fileRef = 702888481ECA107C005B27BA /* LikedRecipe+CoreDataProperties.swift */; };
		70294BCF1EC5FC110097B61B /* Firebase.swift in Sources */ = {isa = PBXBuildFile; fileRef = 70294BCE1EC5FC110097B61B /* Firebase.swift */; };
		702C25201F19A23A0022C068 /* Geometos.ttf in Resources */ = {isa = PBXBuildFile; fileRef = 702C251F1F19A23A0022C068 /* Geometos.ttf */; };
		702C25221F19AAF40022C068 /* Porter Bold.ttf in Resources */ = {isa = PBXBuildFile; fileRef = 702C25211F19AAF40022C068 /* Porter Bold.ttf */; };
		702C25241F19AAFB0022C068 /* LemonMilk.otf in Resources */ = {isa = PBXBuildFile; fileRef = 702C25231F19AAFB0022C068 /* LemonMilk.otf */; };
		702C25261F19AC3F0022C068 /* MainCollectionView.swift in Sources */ = {isa = PBXBuildFile; fileRef = 702C25251F19AC3F0022C068 /* MainCollectionView.swift */; };
		702C25281F1A72260022C068 /* MainRecipeCell.swift in Sources */ = {isa = PBXBuildFile; fileRef = 702C25271F1A72260022C068 /* MainRecipeCell.swift */; };
		702C252C1F1ACF780022C068 /* FeaturedRecipesCV.swift in Sources */ = {isa = PBXBuildFile; fileRef = 702C252B1F1ACF780022C068 /* FeaturedRecipesCV.swift */; };
		702C252E1F1AFA6B0022C068 /* FeaturedRecipeCell.swift in Sources */ = {isa = PBXBuildFile; fileRef = 702C252D1F1AFA6B0022C068 /* FeaturedRecipeCell.swift */; };
		702C25301F1BE7AA0022C068 /* RecipeView.swift in Sources */ = {isa = PBXBuildFile; fileRef = 702C252F1F1BE7AA0022C068 /* RecipeView.swift */; };
		708533F81F1CE8AE0084C2A0 /* IngredientsViewScroll.swift in Sources */ = {isa = PBXBuildFile; fileRef = 708533F71F1CE8AE0084C2A0 /* IngredientsViewScroll.swift */; };
		708533FA1F1CF0440084C2A0 /* IngredientsViewCells.swift in Sources */ = {isa = PBXBuildFile; fileRef = 708533F91F1CF0440084C2A0 /* IngredientsViewCells.swift */; };
		708533FD1F1D194C0084C2A0 /* Buttons.swift in Sources */ = {isa = PBXBuildFile; fileRef = 708533FC1F1D194C0084C2A0 /* Buttons.swift */; };
		708533FF1F1D3AB40084C2A0 /* MenuView.swift in Sources */ = {isa = PBXBuildFile; fileRef = 708533FE1F1D3AB40084C2A0 /* MenuView.swift */; };
		708534011F1D62F30084C2A0 /* ButtonHelpers.swift in Sources */ = {isa = PBXBuildFile; fileRef = 708534001F1D62F30084C2A0 /* ButtonHelpers.swift */; };
		708534041F1D93220084C2A0 /* CategoryBarView.swift in Sources */ = {isa = PBXBuildFile; fileRef = 708534031F1D93220084C2A0 /* CategoryBarView.swift */; };
		708534081F1EA1480084C2A0 /* RecipeButton.swift in Sources */ = {isa = PBXBuildFile; fileRef = 708534071F1EA1480084C2A0 /* RecipeButton.swift */; };
		7085340A1F1EA38A0084C2A0 /* RecipeButtonHelpers.swift in Sources */ = {isa = PBXBuildFile; fileRef = 708534091F1EA38A0084C2A0 /* RecipeButtonHelpers.swift */; };
		7085340C1F1EC6C20084C2A0 /* StatusBar.swift in Sources */ = {isa = PBXBuildFile; fileRef = 7085340B1F1EC6C20084C2A0 /* StatusBar.swift */; };
		7085340E1F1ED9500084C2A0 /* MainCollectionVScroll.swift in Sources */ = {isa = PBXBuildFile; fileRef = 7085340D1F1ED9500084C2A0 /* MainCollectionVScroll.swift */; };
		70973B741F215D6E00D130A7 /* RecipeViewTouch.swift in Sources */ = {isa = PBXBuildFile; fileRef = 70973B731F215D6E00D130A7 /* RecipeViewTouch.swift */; };
		70973B771F216BF600D130A7 /* IntroVC.swift in Sources */ = {isa = PBXBuildFile; fileRef = 70973B761F216BF600D130A7 /* IntroVC.swift */; };
		70BDB1131EBA9A3500305EA8 /* CustomBackground.swift in Sources */ = {isa = PBXBuildFile; fileRef = 70BDB1121EBA9A3500305EA8 /* CustomBackground.swift */; };
		70CED5F81EE1959A00C7284C /* CategoryBarCell.swift in Sources */ = {isa = PBXBuildFile; fileRef = 70CED5F71EE1959A00C7284C /* CategoryBarCell.swift */; };
		70E029CB1EC3AD84002F5F06 /* Renogare.ttf in Resources */ = {isa = PBXBuildFile; fileRef = 70E029CA1EC3AD84002F5F06 /* Renogare.ttf */; };
		70E029E31EC4C636002F5F06 /* RecipeModel+CoreDataClass.swift in Sources */ = {isa = PBXBuildFile; fileRef = 70E029E11EC4C636002F5F06 /* RecipeModel+CoreDataClass.swift */; };
		70E029E41EC4C636002F5F06 /* RecipeModel+CoreDataProperties.swift in Sources */ = {isa = PBXBuildFile; fileRef = 70E029E21EC4C636002F5F06 /* RecipeModel+CoreDataProperties.swift */; };
		70E029E71EC4DB6C002F5F06 /* CoreDataManager.swift in Sources */ = {isa = PBXBuildFile; fileRef = 70E029E61EC4DB6C002F5F06 /* CoreDataManager.swift */; };
		70E46A581F17D54400B2CBC4 /* TitleView.swift in Sources */ = {isa = PBXBuildFile; fileRef = 70E46A571F17D54400B2CBC4 /* TitleView.swift */; };
		70EE7E381EB23BC200ADD499 /* EmptyCell.swift in Sources */ = {isa = PBXBuildFile; fileRef = 70EE7E371EB23BC200ADD499 /* EmptyCell.swift */; };
		70FC2FA71EB6D5DA0068B159 /* PlayVideo.swift in Sources */ = {isa = PBXBuildFile; fileRef = 70FC2FA61EB6D5DA0068B159 /* PlayVideo.swift */; };
/* End PBXBuildFile section */

/* Begin PBXFileReference section */
		302F39A85D5ACE0E486994D3 /* Pods_Gif_2_Table.framework */ = {isa = PBXFileReference; explicitFileType = wrapper.framework; includeInIndex = 0; path = Pods_Gif_2_Table.framework; sourceTree = BUILT_PRODUCTS_DIR; };
		3EC0F2C75DED4AB68E294589 /* Pods-Gif 2 Table.release.xcconfig */ = {isa = PBXFileReference; includeInIndex = 1; lastKnownFileType = text.xcconfig; name = "Pods-Gif 2 Table.release.xcconfig"; path = "Pods/Target Support Files/Pods-Gif 2 Table/Pods-Gif 2 Table.release.xcconfig"; sourceTree = "<group>"; };
		49027A9376462FE6E5B74462 /* Pods-Gif 2 Table.debug.xcconfig */ = {isa = PBXFileReference; includeInIndex = 1; lastKnownFileType = text.xcconfig; name = "Pods-Gif 2 Table.debug.xcconfig"; path = "Pods/Target Support Files/Pods-Gif 2 Table/Pods-Gif 2 Table.debug.xcconfig"; sourceTree = "<group>"; };
		700178D41EB76438006AEF48 /* AVKit.framework */ = {isa = PBXFileReference; lastKnownFileType = wrapper.framework; name = AVKit.framework; path = System/Library/Frameworks/AVKit.framework; sourceTree = SDKROOT; };
		700178DA1EB9788C006AEF48 /* Luna.ttf */ = {isa = PBXFileReference; lastKnownFileType = file; path = Luna.ttf; sourceTree = "<group>"; };
		700178DC1EB97896006AEF48 /* Mandela Script Personal Use.otf */ = {isa = PBXFileReference; lastKnownFileType = file; path = "Mandela Script Personal Use.otf"; sourceTree = "<group>"; };
		700178DF1EB97B5B006AEF48 /* HelloIshBig.ttf */ = {isa = PBXFileReference; lastKnownFileType = file; path = HelloIshBig.ttf; sourceTree = "<group>"; };
		700178E11EB97F86006AEF48 /* KGLifeisMessy.ttf */ = {isa = PBXFileReference; lastKnownFileType = file; path = KGLifeisMessy.ttf; sourceTree = "<group>"; };
		700BC9151EAA6843002EB83A /* Gif 2 Table.app */ = {isa = PBXFileReference; explicitFileType = wrapper.application; includeInIndex = 0; path = "Gif 2 Table.app"; sourceTree = BUILT_PRODUCTS_DIR; };
		700BC9181EAA6843002EB83A /* AppDelegate.swift */ = {isa = PBXFileReference; lastKnownFileType = sourcecode.swift; path = AppDelegate.swift; sourceTree = "<group>"; };
		700BC91A1EAA6843002EB83A /* MainVC.swift */ = {isa = PBXFileReference; lastKnownFileType = sourcecode.swift; path = MainVC.swift; sourceTree = "<group>"; };
		700BC9201EAA6843002EB83A /* Gif_2_Table.xcdatamodel */ = {isa = PBXFileReference; lastKnownFileType = wrapper.xcdatamodel; path = Gif_2_Table.xcdatamodel; sourceTree = "<group>"; };
		700BC9221EAA6843002EB83A /* Assets.xcassets */ = {isa = PBXFileReference; lastKnownFileType = folder.assetcatalog; path = Assets.xcassets; sourceTree = "<group>"; };
		700BC9251EAA6843002EB83A /* Base */ = {isa = PBXFileReference; lastKnownFileType = file.storyboard; name = Base; path = Base.lproj/LaunchScreen.storyboard; sourceTree = "<group>"; };
		700BC9271EAA6843002EB83A /* Info.plist */ = {isa = PBXFileReference; lastKnownFileType = text.plist.xml; path = Info.plist; sourceTree = "<group>"; };
		700BC92D1EAA726A002EB83A /* CategoryBar.swift */ = {isa = PBXFileReference; fileEncoding = 4; lastKnownFileType = sourcecode.swift; path = CategoryBar.swift; sourceTree = "<group>"; };
		700BC92F1EAABE2C002EB83A /* Extensions+globalAttributes.swift */ = {isa = PBXFileReference; fileEncoding = 4; lastKnownFileType = sourcecode.swift; path = "Extensions+globalAttributes.swift"; sourceTree = "<group>"; };
		700BC9351EAAC2F2002EB83A /* IngredientsView.swift */ = {isa = PBXFileReference; fileEncoding = 4; lastKnownFileType = sourcecode.swift; path = IngredientsView.swift; sourceTree = "<group>"; };
		700BC9391EAC15DA002EB83A /* RecipeObject.swift */ = {isa = PBXFileReference; fileEncoding = 4; lastKnownFileType = sourcecode.swift; path = RecipeObject.swift; sourceTree = "<group>"; };
		702888451ECA107C005B27BA /* DislikedRecipe+CoreDataClass.swift */ = {isa = PBXFileReference; fileEncoding = 4; lastKnownFileType = sourcecode.swift; name = "DislikedRecipe+CoreDataClass.swift"; path = "Gif 2 Table/DislikedRecipe+CoreDataClass.swift"; sourceTree = "<group>"; };
		702888461ECA107C005B27BA /* DislikedRecipe+CoreDataProperties.swift */ = {isa = PBXFileReference; fileEncoding = 4; lastKnownFileType = sourcecode.swift; name = "DislikedRecipe+CoreDataProperties.swift"; path = "Gif 2 Table/DislikedRecipe+CoreDataProperties.swift"; sourceTree = "<group>"; };
		702888471ECA107C005B27BA /* LikedRecipe+CoreDataClass.swift */ = {isa = PBXFileReference; fileEncoding = 4; lastKnownFileType = sourcecode.swift; name = "LikedRecipe+CoreDataClass.swift"; path = "Gif 2 Table/LikedRecipe+CoreDataClass.swift"; sourceTree = "<group>"; };
		702888481ECA107C005B27BA /* LikedRecipe+CoreDataProperties.swift */ = {isa = PBXFileReference; fileEncoding = 4; lastKnownFileType = sourcecode.swift; name = "LikedRecipe+CoreDataProperties.swift"; path = "Gif 2 Table/LikedRecipe+CoreDataProperties.swift"; sourceTree = "<group>"; };
		70294BCE1EC5FC110097B61B /* Firebase.swift */ = {isa = PBXFileReference; fileEncoding = 4; lastKnownFileType = sourcecode.swift; path = Firebase.swift; sourceTree = "<group>"; };
		702C251F1F19A23A0022C068 /* Geometos.ttf */ = {isa = PBXFileReference; lastKnownFileType = file; path = Geometos.ttf; sourceTree = "<group>"; };
		702C25211F19AAF40022C068 /* Porter Bold.ttf */ = {isa = PBXFileReference; lastKnownFileType = file; path = "Porter Bold.ttf"; sourceTree = "<group>"; };
		702C25231F19AAFB0022C068 /* LemonMilk.otf */ = {isa = PBXFileReference; lastKnownFileType = file; path = LemonMilk.otf; sourceTree = "<group>"; };
		702C25251F19AC3F0022C068 /* MainCollectionView.swift */ = {isa = PBXFileReference; fileEncoding = 4; lastKnownFileType = sourcecode.swift; path = MainCollectionView.swift; sourceTree = "<group>"; };
		702C25271F1A72260022C068 /* MainRecipeCell.swift */ = {isa = PBXFileReference; fileEncoding = 4; lastKnownFileType = sourcecode.swift; path = MainRecipeCell.swift; sourceTree = "<group>"; };
		702C252B1F1ACF780022C068 /* FeaturedRecipesCV.swift */ = {isa = PBXFileReference; fileEncoding = 4; lastKnownFileType = sourcecode.swift; path = FeaturedRecipesCV.swift; sourceTree = "<group>"; };
		702C252D1F1AFA6B0022C068 /* FeaturedRecipeCell.swift */ = {isa = PBXFileReference; fileEncoding = 4; lastKnownFileType = sourcecode.swift; path = FeaturedRecipeCell.swift; sourceTree = "<group>"; };
		702C252F1F1BE7AA0022C068 /* RecipeView.swift */ = {isa = PBXFileReference; fileEncoding = 4; lastKnownFileType = sourcecode.swift; path = RecipeView.swift; sourceTree = "<group>"; };
		708533F71F1CE8AE0084C2A0 /* IngredientsViewScroll.swift */ = {isa = PBXFileReference; fileEncoding = 4; lastKnownFileType = sourcecode.swift; path = IngredientsViewScroll.swift; sourceTree = "<group>"; };
		708533F91F1CF0440084C2A0 /* IngredientsViewCells.swift */ = {isa = PBXFileReference; fileEncoding = 4; lastKnownFileType = sourcecode.swift; path = IngredientsViewCells.swift; sourceTree = "<group>"; };
		708533FC1F1D194C0084C2A0 /* Buttons.swift */ = {isa = PBXFileReference; fileEncoding = 4; lastKnownFileType = sourcecode.swift; path = Buttons.swift; sourceTree = "<group>"; };
		708533FE1F1D3AB40084C2A0 /* MenuView.swift */ = {isa = PBXFileReference; fileEncoding = 4; lastKnownFileType = sourcecode.swift; path = MenuView.swift; sourceTree = "<group>"; };
		708534001F1D62F30084C2A0 /* ButtonHelpers.swift */ = {isa = PBXFileReference; fileEncoding = 4; lastKnownFileType = sourcecode.swift; path = ButtonHelpers.swift; sourceTree = "<group>"; };
		708534031F1D93220084C2A0 /* CategoryBarView.swift */ = {isa = PBXFileReference; fileEncoding = 4; lastKnownFileType = sourcecode.swift; path = CategoryBarView.swift; sourceTree = "<group>"; };
		708534071F1EA1480084C2A0 /* RecipeButton.swift */ = {isa = PBXFileReference; fileEncoding = 4; lastKnownFileType = sourcecode.swift; path = RecipeButton.swift; sourceTree = "<group>"; };
		708534091F1EA38A0084C2A0 /* RecipeButtonHelpers.swift */ = {isa = PBXFileReference; fileEncoding = 4; lastKnownFileType = sourcecode.swift; path = RecipeButtonHelpers.swift; sourceTree = "<group>"; };
		7085340B1F1EC6C20084C2A0 /* StatusBar.swift */ = {isa = PBXFileReference; fileEncoding = 4; lastKnownFileType = sourcecode.swift; path = StatusBar.swift; sourceTree = "<group>"; };
		7085340D1F1ED9500084C2A0 /* MainCollectionVScroll.swift */ = {isa = PBXFileReference; fileEncoding = 4; lastKnownFileType = sourcecode.swift; path = MainCollectionVScroll.swift; sourceTree = "<group>"; };
		70973B731F215D6E00D130A7 /* RecipeViewTouch.swift */ = {isa = PBXFileReference; fileEncoding = 4; lastKnownFileType = sourcecode.swift; path = RecipeViewTouch.swift; sourceTree = "<group>"; };
		70973B761F216BF600D130A7 /* IntroVC.swift */ = {isa = PBXFileReference; fileEncoding = 4; lastKnownFileType = sourcecode.swift; path = IntroVC.swift; sourceTree = "<group>"; };
		70BDB1121EBA9A3500305EA8 /* CustomBackground.swift */ = {isa = PBXFileReference; fileEncoding = 4; lastKnownFileType = sourcecode.swift; path = CustomBackground.swift; sourceTree = "<group>"; };
		70CED5F71EE1959A00C7284C /* CategoryBarCell.swift */ = {isa = PBXFileReference; fileEncoding = 4; lastKnownFileType = sourcecode.swift; path = CategoryBarCell.swift; sourceTree = "<group>"; };
		70E029CA1EC3AD84002F5F06 /* Renogare.ttf */ = {isa = PBXFileReference; lastKnownFileType = file; path = Renogare.ttf; sourceTree = "<group>"; };
		70E029E11EC4C636002F5F06 /* RecipeModel+CoreDataClass.swift */ = {isa = PBXFileReference; fileEncoding = 4; lastKnownFileType = sourcecode.swift; path = "RecipeModel+CoreDataClass.swift"; sourceTree = "<group>"; };
		70E029E21EC4C636002F5F06 /* RecipeModel+CoreDataProperties.swift */ = {isa = PBXFileReference; fileEncoding = 4; lastKnownFileType = sourcecode.swift; path = "RecipeModel+CoreDataProperties.swift"; sourceTree = "<group>"; };
		70E029E61EC4DB6C002F5F06 /* CoreDataManager.swift */ = {isa = PBXFileReference; fileEncoding = 4; lastKnownFileType = sourcecode.swift; name = CoreDataManager.swift; path = "Gif 2 Table/CoreDataManager.swift"; sourceTree = "<group>"; };
		70E46A571F17D54400B2CBC4 /* TitleView.swift */ = {isa = PBXFileReference; fileEncoding = 4; lastKnownFileType = sourcecode.swift; path = TitleView.swift; sourceTree = "<group>"; };
		70EE7E371EB23BC200ADD499 /* EmptyCell.swift */ = {isa = PBXFileReference; fileEncoding = 4; lastKnownFileType = sourcecode.swift; path = EmptyCell.swift; sourceTree = "<group>"; };
		70FC2FA61EB6D5DA0068B159 /* PlayVideo.swift */ = {isa = PBXFileReference; fileEncoding = 4; lastKnownFileType = sourcecode.swift; path = PlayVideo.swift; sourceTree = "<group>"; };
/* End PBXFileReference section */

/* Begin PBXFrameworksBuildPhase section */
		700BC9121EAA6843002EB83A /* Frameworks */ = {
			isa = PBXFrameworksBuildPhase;
			buildActionMask = 2147483647;
			files = (
				700178D51EB76438006AEF48 /* AVKit.framework in Frameworks */,
				205FB6A8ECD6C759BD6E99DF /* Pods_Gif_2_Table.framework in Frameworks */,
			);
			runOnlyForDeploymentPostprocessing = 0;
		};
/* End PBXFrameworksBuildPhase section */

/* Begin PBXGroup section */
		5BE1CCA6CDB2B201604ECCA3 /* Pods */ = {
			isa = PBXGroup;
			children = (
				49027A9376462FE6E5B74462 /* Pods-Gif 2 Table.debug.xcconfig */,
				3EC0F2C75DED4AB68E294589 /* Pods-Gif 2 Table.release.xcconfig */,
			);
			name = Pods;
			sourceTree = "<group>";
		};
		700178D31EB76438006AEF48 /* Frameworks */ = {
			isa = PBXGroup;
			children = (
				700178D41EB76438006AEF48 /* AVKit.framework */,
				302F39A85D5ACE0E486994D3 /* Pods_Gif_2_Table.framework */,
			);
			name = Frameworks;
			sourceTree = "<group>";
		};
		700178DE1EB97914006AEF48 /* Fonts */ = {
			isa = PBXGroup;
			children = (
				700178E11EB97F86006AEF48 /* KGLifeisMessy.ttf */,
				700178DF1EB97B5B006AEF48 /* HelloIshBig.ttf */,
				702C25231F19AAFB0022C068 /* LemonMilk.otf */,
				700178DA1EB9788C006AEF48 /* Luna.ttf */,
				702C251F1F19A23A0022C068 /* Geometos.ttf */,
				70E029CA1EC3AD84002F5F06 /* Renogare.ttf */,
				702C25211F19AAF40022C068 /* Porter Bold.ttf */,
				700178DC1EB97896006AEF48 /* Mandela Script Personal Use.otf */,
			);
			name = Fonts;
			sourceTree = "<group>";
		};
		700BC90C1EAA6843002EB83A = {
			isa = PBXGroup;
			children = (
				700BC9171EAA6843002EB83A /* Gif 2 Table */,
				700BC9161EAA6843002EB83A /* Products */,
				700178D31EB76438006AEF48 /* Frameworks */,
				5BE1CCA6CDB2B201604ECCA3 /* Pods */,
			);
			sourceTree = "<group>";
		};
		700BC9161EAA6843002EB83A /* Products */ = {
			isa = PBXGroup;
			children = (
				700BC9151EAA6843002EB83A /* Gif 2 Table.app */,
			);
			name = Products;
			sourceTree = "<group>";
		};
		700BC9171EAA6843002EB83A /* Gif 2 Table */ = {
			isa = PBXGroup;
			children = (
				700178DE1EB97914006AEF48 /* Fonts */,
				700BC9181EAA6843002EB83A /* AppDelegate.swift */,
				700BC92F1EAABE2C002EB83A /* Extensions+globalAttributes.swift */,
				70E029E51EC4C641002F5F06 /* Core Data */,
				70CED5F21EE1911900C7284C /* Model + Database Access */,
				70973B751F216BD900D130A7 /* Intro VC */,
				700BC9371EAC1586002EB83A /* Main View */,
				702C25311F1BE7DD0022C068 /* Recipe View */,
				708533FB1F1D19160084C2A0 /* Nav Bar Items */,
				708534021F1D81DC0084C2A0 /* Filter Menu */,
				700BC9221EAA6843002EB83A /* Assets.xcassets */,
				700BC9241EAA6843002EB83A /* LaunchScreen.storyboard */,
				700BC9271EAA6843002EB83A /* Info.plist */,
				700BC91F1EAA6843002EB83A /* Gif_2_Table.xcdatamodeld */,
			);
			path = "Gif 2 Table";
			sourceTree = "<group>";
		};
		700BC9371EAC1586002EB83A /* Main View */ = {
			isa = PBXGroup;
			children = (
				700BC91A1EAA6843002EB83A /* MainVC.swift */,
				702C25251F19AC3F0022C068 /* MainCollectionView.swift */,
				7085340D1F1ED9500084C2A0 /* MainCollectionVScroll.swift */,
				7085340F1F1FC2CD0084C2A0 /* MainCV Recipe Cells */,
				70EE7E371EB23BC200ADD499 /* EmptyCell.swift */,
				702C252B1F1ACF780022C068 /* FeaturedRecipesCV.swift */,
				702C252D1F1AFA6B0022C068 /* FeaturedRecipeCell.swift */,
				70BDB1121EBA9A3500305EA8 /* CustomBackground.swift */,
			);
			name = "Main View";
			sourceTree = "<group>";
		};
		702C25311F1BE7DD0022C068 /* Recipe View */ = {
			isa = PBXGroup;
			children = (
				702C252F1F1BE7AA0022C068 /* RecipeView.swift */,
				70973B731F215D6E00D130A7 /* RecipeViewTouch.swift */,
				7085340B1F1EC6C20084C2A0 /* StatusBar.swift */,
				700BC9351EAAC2F2002EB83A /* IngredientsView.swift */,
				708533F91F1CF0440084C2A0 /* IngredientsViewCells.swift */,
				708533F71F1CE8AE0084C2A0 /* IngredientsViewScroll.swift */,
			);
			name = "Recipe View";
			sourceTree = "<group>";
		};
		708533FB1F1D19160084C2A0 /* Nav Bar Items */ = {
			isa = PBXGroup;
			children = (
				70E46A571F17D54400B2CBC4 /* TitleView.swift */,
				708533FC1F1D194C0084C2A0 /* Buttons.swift */,
				708534001F1D62F30084C2A0 /* ButtonHelpers.swift */,
				708533FE1F1D3AB40084C2A0 /* MenuView.swift */,
			);
			name = "Nav Bar Items";
			sourceTree = "<group>";
		};
		708534021F1D81DC0084C2A0 /* Filter Menu */ = {
			isa = PBXGroup;
			children = (
				708534031F1D93220084C2A0 /* CategoryBarView.swift */,
				700BC92D1EAA726A002EB83A /* CategoryBar.swift */,
				70CED5F71EE1959A00C7284C /* CategoryBarCell.swift */,
			);
			name = "Filter Menu";
			sourceTree = "<group>";
		};
		7085340F1F1FC2CD0084C2A0 /* MainCV Recipe Cells */ = {
			isa = PBXGroup;
			children = (
				702C25271F1A72260022C068 /* MainRecipeCell.swift */,
				708534071F1EA1480084C2A0 /* RecipeButton.swift */,
				708534091F1EA38A0084C2A0 /* RecipeButtonHelpers.swift */,
			);
			name = "MainCV Recipe Cells";
			sourceTree = "<group>";
		};
		70973B751F216BD900D130A7 /* Intro VC */ = {
			isa = PBXGroup;
			children = (
				70973B761F216BF600D130A7 /* IntroVC.swift */,
			);
			name = "Intro VC";
			sourceTree = "<group>";
		};
		70CED5F21EE1911900C7284C /* Model + Database Access */ = {
			isa = PBXGroup;
			children = (
				700BC9391EAC15DA002EB83A /* RecipeObject.swift */,
				70FC2FA61EB6D5DA0068B159 /* PlayVideo.swift */,
				70294BCE1EC5FC110097B61B /* Firebase.swift */,
			);
			name = "Model + Database Access";
			sourceTree = "<group>";
		};
		70E029E51EC4C641002F5F06 /* Core Data */ = {
			isa = PBXGroup;
			children = (
				70E029E61EC4DB6C002F5F06 /* CoreDataManager.swift */,
				70E029E11EC4C636002F5F06 /* RecipeModel+CoreDataClass.swift */,
				70E029E21EC4C636002F5F06 /* RecipeModel+CoreDataProperties.swift */,
				702888451ECA107C005B27BA /* DislikedRecipe+CoreDataClass.swift */,
				702888461ECA107C005B27BA /* DislikedRecipe+CoreDataProperties.swift */,
				702888471ECA107C005B27BA /* LikedRecipe+CoreDataClass.swift */,
				702888481ECA107C005B27BA /* LikedRecipe+CoreDataProperties.swift */,
			);
			name = "Core Data";
			path = ..;
			sourceTree = "<group>";
		};
/* End PBXGroup section */

/* Begin PBXNativeTarget section */
		700BC9141EAA6843002EB83A /* Gif 2 Table */ = {
			isa = PBXNativeTarget;
			buildConfigurationList = 700BC92A1EAA6843002EB83A /* Build configuration list for PBXNativeTarget "Gif 2 Table" */;
			buildPhases = (
				E67E58954C90E8E32E0F4C98 /* [CP] Check Pods Manifest.lock */,
				700BC9111EAA6843002EB83A /* Sources */,
				700BC9121EAA6843002EB83A /* Frameworks */,
				700BC9131EAA6843002EB83A /* Resources */,
				66CEECF5797CDF05EE8869DE /* [CP] Embed Pods Frameworks */,
				0BC99C7C39D47EFC64517C4E /* [CP] Copy Pods Resources */,
			);
			buildRules = (
			);
			dependencies = (
			);
			name = "Gif 2 Table";
			productName = "Gif 2 Table";
			productReference = 700BC9151EAA6843002EB83A /* Gif 2 Table.app */;
			productType = "com.apple.product-type.application";
		};
/* End PBXNativeTarget section */

/* Begin PBXProject section */
		700BC90D1EAA6843002EB83A /* Project object */ = {
			isa = PBXProject;
			attributes = {
				LastSwiftUpdateCheck = 0830;
				LastUpgradeCheck = 0830;
				ORGANIZATIONNAME = DLEE;
				TargetAttributes = {
					700BC9141EAA6843002EB83A = {
						CreatedOnToolsVersion = 8.3.1;
						DevelopmentTeam = 76EM9P9GMZ;
						ProvisioningStyle = Manual;
					};
				};
			};
			buildConfigurationList = 700BC9101EAA6843002EB83A /* Build configuration list for PBXProject "Gif 2 Table" */;
			compatibilityVersion = "Xcode 3.2";
			developmentRegion = English;
			hasScannedForEncodings = 0;
			knownRegions = (
				en,
				Base,
			);
			mainGroup = 700BC90C1EAA6843002EB83A;
			productRefGroup = 700BC9161EAA6843002EB83A /* Products */;
			projectDirPath = "";
			projectRoot = "";
			targets = (
				700BC9141EAA6843002EB83A /* Gif 2 Table */,
			);
		};
/* End PBXProject section */

/* Begin PBXResourcesBuildPhase section */
		700BC9131EAA6843002EB83A /* Resources */ = {
			isa = PBXResourcesBuildPhase;
			buildActionMask = 2147483647;
			files = (
				700178E21EB97F86006AEF48 /* KGLifeisMessy.ttf in Resources */,
				702C25241F19AAFB0022C068 /* LemonMilk.otf in Resources */,
				702C25221F19AAF40022C068 /* Porter Bold.ttf in Resources */,
				700178DB1EB9788C006AEF48 /* Luna.ttf in Resources */,
				700BC9261EAA6843002EB83A /* LaunchScreen.storyboard in Resources */,
				702C25201F19A23A0022C068 /* Geometos.ttf in Resources */,
				700178E01EB97B5B006AEF48 /* HelloIshBig.ttf in Resources */,
				70E029CB1EC3AD84002F5F06 /* Renogare.ttf in Resources */,
				700178DD1EB97896006AEF48 /* Mandela Script Personal Use.otf in Resources */,
				700BC9231EAA6843002EB83A /* Assets.xcassets in Resources */,
			);
			runOnlyForDeploymentPostprocessing = 0;
		};
/* End PBXResourcesBuildPhase section */

/* Begin PBXShellScriptBuildPhase section */
		0BC99C7C39D47EFC64517C4E /* [CP] Copy Pods Resources */ = {
			isa = PBXShellScriptBuildPhase;
			buildActionMask = 2147483647;
			files = (
			);
			inputPaths = (
			);
			name = "[CP] Copy Pods Resources";
			outputPaths = (
			);
			runOnlyForDeploymentPostprocessing = 0;
			shellPath = /bin/sh;
			shellScript = "\"${SRCROOT}/Pods/Target Support Files/Pods-Gif 2 Table/Pods-Gif 2 Table-resources.sh\"\n";
			showEnvVarsInLog = 0;
		};
		66CEECF5797CDF05EE8869DE /* [CP] Embed Pods Frameworks */ = {
			isa = PBXShellScriptBuildPhase;
			buildActionMask = 2147483647;
			files = (
			);
			inputPaths = (
			);
			name = "[CP] Embed Pods Frameworks";
			outputPaths = (
			);
			runOnlyForDeploymentPostprocessing = 0;
			shellPath = /bin/sh;
			shellScript = "\"${SRCROOT}/Pods/Target Support Files/Pods-Gif 2 Table/Pods-Gif 2 Table-frameworks.sh\"\n";
			showEnvVarsInLog = 0;
		};
		E67E58954C90E8E32E0F4C98 /* [CP] Check Pods Manifest.lock */ = {
			isa = PBXShellScriptBuildPhase;
			buildActionMask = 2147483647;
			files = (
			);
			inputPaths = (
			);
			name = "[CP] Check Pods Manifest.lock";
			outputPaths = (
			);
			runOnlyForDeploymentPostprocessing = 0;
			shellPath = /bin/sh;
			shellScript = "diff \"${PODS_ROOT}/../Podfile.lock\" \"${PODS_ROOT}/Manifest.lock\" > /dev/null\nif [ $? != 0 ] ; then\n    # print error to STDERR\n    echo \"error: The sandbox is not in sync with the Podfile.lock. Run 'pod install' or update your CocoaPods installation.\" >&2\n    exit 1\nfi\n";
			showEnvVarsInLog = 0;
		};
/* End PBXShellScriptBuildPhase section */

/* Begin PBXSourcesBuildPhase section */
		700BC9111EAA6843002EB83A /* Sources */ = {
			isa = PBXSourcesBuildPhase;
			buildActionMask = 2147483647;
			files = (
				70294BCF1EC5FC110097B61B /* Firebase.swift in Sources */,
				700BC9301EAABE2C002EB83A /* Extensions+globalAttributes.swift in Sources */,
				70E46A581F17D54400B2CBC4 /* TitleView.swift in Sources */,
				702888491ECA107C005B27BA /* DislikedRecipe+CoreDataClass.swift in Sources */,
				702C252C1F1ACF780022C068 /* FeaturedRecipesCV.swift in Sources */,
				708533F81F1CE8AE0084C2A0 /* IngredientsViewScroll.swift in Sources */,
				702C25261F19AC3F0022C068 /* MainCollectionView.swift in Sources */,
				702C252E1F1AFA6B0022C068 /* FeaturedRecipeCell.swift in Sources */,
				700BC91B1EAA6843002EB83A /* MainVC.swift in Sources */,
				708533FD1F1D194C0084C2A0 /* Buttons.swift in Sources */,
				700BC9361EAAC2F2002EB83A /* IngredientsView.swift in Sources */,
				70973B741F215D6E00D130A7 /* RecipeViewTouch.swift in Sources */,
				7028884B1ECA107C005B27BA /* LikedRecipe+CoreDataClass.swift in Sources */,
				708534081F1EA1480084C2A0 /* RecipeButton.swift in Sources */,
				7085340E1F1ED9500084C2A0 /* MainCollectionVScroll.swift in Sources */,
				708534011F1D62F30084C2A0 /* ButtonHelpers.swift in Sources */,
				7085340A1F1EA38A0084C2A0 /* RecipeButtonHelpers.swift in Sources */,
				702C25301F1BE7AA0022C068 /* RecipeView.swift in Sources */,
				7028884C1ECA107C005B27BA /* LikedRecipe+CoreDataProperties.swift in Sources */,
				7085340C1F1EC6C20084C2A0 /* StatusBar.swift in Sources */,
				70FC2FA71EB6D5DA0068B159 /* PlayVideo.swift in Sources */,
				702C25281F1A72260022C068 /* MainRecipeCell.swift in Sources */,
				70EE7E381EB23BC200ADD499 /* EmptyCell.swift in Sources */,
				700BC93A1EAC15DA002EB83A /* RecipeObject.swift in Sources */,
				70E029E71EC4DB6C002F5F06 /* CoreDataManager.swift in Sources */,
				700BC9211EAA6843002EB83A /* Gif_2_Table.xcdatamodeld in Sources */,
				708534041F1D93220084C2A0 /* CategoryBarView.swift in Sources */,
				70E029E31EC4C636002F5F06 /* RecipeModel+CoreDataClass.swift in Sources */,
				70BDB1131EBA9A3500305EA8 /* CustomBackground.swift in Sources */,
				700BC92E1EAA726A002EB83A /* CategoryBar.swift in Sources */,
				708533FA1F1CF0440084C2A0 /* IngredientsViewCells.swift in Sources */,
				70973B771F216BF600D130A7 /* IntroVC.swift in Sources */,
				708533FF1F1D3AB40084C2A0 /* MenuView.swift in Sources */,
				70E029E41EC4C636002F5F06 /* RecipeModel+CoreDataProperties.swift in Sources */,
				70CED5F81EE1959A00C7284C /* CategoryBarCell.swift in Sources */,
				700BC9191EAA6843002EB83A /* AppDelegate.swift in Sources */,
				7028884A1ECA107C005B27BA /* DislikedRecipe+CoreDataProperties.swift in Sources */,
			);
			runOnlyForDeploymentPostprocessing = 0;
		};
/* End PBXSourcesBuildPhase section */

/* Begin PBXVariantGroup section */
		700BC9241EAA6843002EB83A /* LaunchScreen.storyboard */ = {
			isa = PBXVariantGroup;
			children = (
				700BC9251EAA6843002EB83A /* Base */,
			);
			name = LaunchScreen.storyboard;
			sourceTree = "<group>";
		};
/* End PBXVariantGroup section */

/* Begin XCBuildConfiguration section */
		700BC9281EAA6843002EB83A /* Debug */ = {
			isa = XCBuildConfiguration;
			buildSettings = {
				ALWAYS_SEARCH_USER_PATHS = NO;
				CLANG_ANALYZER_NONNULL = YES;
				CLANG_ANALYZER_NUMBER_OBJECT_CONVERSION = YES_AGGRESSIVE;
				CLANG_CXX_LANGUAGE_STANDARD = "gnu++0x";
				CLANG_CXX_LIBRARY = "libc++";
				CLANG_ENABLE_MODULES = YES;
				CLANG_ENABLE_OBJC_ARC = YES;
				CLANG_WARN_BOOL_CONVERSION = YES;
				CLANG_WARN_CONSTANT_CONVERSION = YES;
				CLANG_WARN_DIRECT_OBJC_ISA_USAGE = YES_ERROR;
				CLANG_WARN_DOCUMENTATION_COMMENTS = YES;
				CLANG_WARN_EMPTY_BODY = YES;
				CLANG_WARN_ENUM_CONVERSION = YES;
				CLANG_WARN_INFINITE_RECURSION = YES;
				CLANG_WARN_INT_CONVERSION = YES;
				CLANG_WARN_OBJC_ROOT_CLASS = YES_ERROR;
				CLANG_WARN_SUSPICIOUS_MOVE = YES;
				CLANG_WARN_UNREACHABLE_CODE = YES;
				CLANG_WARN__DUPLICATE_METHOD_MATCH = YES;
				"CODE_SIGN_IDENTITY[sdk=iphoneos*]" = "iPhone Developer";
				COPY_PHASE_STRIP = NO;
				DEBUG_INFORMATION_FORMAT = dwarf;
				DEVELOPMENT_TEAM = 76EM9P9GMZ;
				ENABLE_STRICT_OBJC_MSGSEND = YES;
				ENABLE_TESTABILITY = YES;
				GCC_C_LANGUAGE_STANDARD = gnu99;
				GCC_DYNAMIC_NO_PIC = NO;
				GCC_NO_COMMON_BLOCKS = YES;
				GCC_OPTIMIZATION_LEVEL = 0;
				GCC_PREPROCESSOR_DEFINITIONS = (
					"DEBUG=1",
					"$(inherited)",
				);
				GCC_WARN_64_TO_32_BIT_CONVERSION = YES;
				GCC_WARN_ABOUT_RETURN_TYPE = YES_ERROR;
				GCC_WARN_UNDECLARED_SELECTOR = YES;
				GCC_WARN_UNINITIALIZED_AUTOS = YES_AGGRESSIVE;
				GCC_WARN_UNUSED_FUNCTION = YES;
				GCC_WARN_UNUSED_VARIABLE = YES;
				IPHONEOS_DEPLOYMENT_TARGET = 10.3;
				MTL_ENABLE_DEBUG_INFO = YES;
				ONLY_ACTIVE_ARCH = YES;
				SDKROOT = iphoneos;
				SWIFT_ACTIVE_COMPILATION_CONDITIONS = DEBUG;
				SWIFT_OPTIMIZATION_LEVEL = "-Onone";
			};
			name = Debug;
		};
		700BC9291EAA6843002EB83A /* Release */ = {
			isa = XCBuildConfiguration;
			buildSettings = {
				ALWAYS_SEARCH_USER_PATHS = NO;
				CLANG_ANALYZER_NONNULL = YES;
				CLANG_ANALYZER_NUMBER_OBJECT_CONVERSION = YES_AGGRESSIVE;
				CLANG_CXX_LANGUAGE_STANDARD = "gnu++0x";
				CLANG_CXX_LIBRARY = "libc++";
				CLANG_ENABLE_MODULES = YES;
				CLANG_ENABLE_OBJC_ARC = YES;
				CLANG_WARN_BOOL_CONVERSION = YES;
				CLANG_WARN_CONSTANT_CONVERSION = YES;
				CLANG_WARN_DIRECT_OBJC_ISA_USAGE = YES_ERROR;
				CLANG_WARN_DOCUMENTATION_COMMENTS = YES;
				CLANG_WARN_EMPTY_BODY = YES;
				CLANG_WARN_ENUM_CONVERSION = YES;
				CLANG_WARN_INFINITE_RECURSION = YES;
				CLANG_WARN_INT_CONVERSION = YES;
				CLANG_WARN_OBJC_ROOT_CLASS = YES_ERROR;
				CLANG_WARN_SUSPICIOUS_MOVE = YES;
				CLANG_WARN_UNREACHABLE_CODE = YES;
				CLANG_WARN__DUPLICATE_METHOD_MATCH = YES;
				"CODE_SIGN_IDENTITY[sdk=iphoneos*]" = "iPhone Distribution";
				COPY_PHASE_STRIP = NO;
				DEBUG_INFORMATION_FORMAT = "dwarf-with-dsym";
				DEVELOPMENT_TEAM = 76EM9P9GMZ;
				ENABLE_NS_ASSERTIONS = NO;
				ENABLE_STRICT_OBJC_MSGSEND = YES;
				GCC_C_LANGUAGE_STANDARD = gnu99;
				GCC_NO_COMMON_BLOCKS = YES;
				GCC_WARN_64_TO_32_BIT_CONVERSION = YES;
				GCC_WARN_ABOUT_RETURN_TYPE = YES_ERROR;
				GCC_WARN_UNDECLARED_SELECTOR = YES;
				GCC_WARN_UNINITIALIZED_AUTOS = YES_AGGRESSIVE;
				GCC_WARN_UNUSED_FUNCTION = YES;
				GCC_WARN_UNUSED_VARIABLE = YES;
				IPHONEOS_DEPLOYMENT_TARGET = 10.3;
				MTL_ENABLE_DEBUG_INFO = NO;
				SDKROOT = iphoneos;
				SWIFT_OPTIMIZATION_LEVEL = "-Owholemodule";
				VALIDATE_PRODUCT = YES;
			};
			name = Release;
		};
		700BC92B1EAA6843002EB83A /* Debug */ = {
			isa = XCBuildConfiguration;
			baseConfigurationReference = 49027A9376462FE6E5B74462 /* Pods-Gif 2 Table.debug.xcconfig */;
			buildSettings = {
				ASSETCATALOG_COMPILER_APPICON_NAME = AppIcon;
				CODE_SIGN_IDENTITY = "iPhone Developer";
				"CODE_SIGN_IDENTITY[sdk=iphoneos*]" = "iPhone Developer";
				DEVELOPMENT_TEAM = 76EM9P9GMZ;
				INFOPLIST_FILE = "Gif 2 Table/Info.plist";
				IPHONEOS_DEPLOYMENT_TARGET = 10.0;
				LD_RUNPATH_SEARCH_PATHS = "$(inherited) @executable_path/Frameworks";
				PRODUCT_BUNDLE_IDENTIFIER = com.dlee923.GifChef;
				PRODUCT_NAME = "$(TARGET_NAME)";
				PROVISIONING_PROFILE = "20efee5f-49c3-4134-b298-aeba468d9c4d";
				PROVISIONING_PROFILE_SPECIFIER = "Gif 2 Table Distribution Profile";
				SWIFT_VERSION = 3.0;
			};
			name = Debug;
		};
		700BC92C1EAA6843002EB83A /* Release */ = {
			isa = XCBuildConfiguration;
			baseConfigurationReference = 3EC0F2C75DED4AB68E294589 /* Pods-Gif 2 Table.release.xcconfig */;
			buildSettings = {
				ASSETCATALOG_COMPILER_APPICON_NAME = AppIcon;
				CODE_SIGN_IDENTITY = "iPhone Distribution";
				"CODE_SIGN_IDENTITY[sdk=iphoneos*]" = "iPhone Developer";
				DEVELOPMENT_TEAM = 76EM9P9GMZ;
				INFOPLIST_FILE = "Gif 2 Table/Info.plist";
				IPHONEOS_DEPLOYMENT_TARGET = 10.0;
				LD_RUNPATH_SEARCH_PATHS = "$(inherited) @executable_path/Frameworks";
				PRODUCT_BUNDLE_IDENTIFIER = com.dlee923.GifChef;
				PRODUCT_NAME = "$(TARGET_NAME)";
				PROVISIONING_PROFILE = "20efee5f-49c3-4134-b298-aeba468d9c4d";
				PROVISIONING_PROFILE_SPECIFIER = "Gif 2 Table Distribution Profile";
				SWIFT_VERSION = 3.0;
			};
			name = Release;
		};
/* End XCBuildConfiguration section */

/* Begin XCConfigurationList section */
		700BC9101EAA6843002EB83A /* Build configuration list for PBXProject "Gif 2 Table" */ = {
			isa = XCConfigurationList;
			buildConfigurations = (
				700BC9281EAA6843002EB83A /* Debug */,
				700BC9291EAA6843002EB83A /* Release */,
			);
			defaultConfigurationIsVisible = 0;
			defaultConfigurationName = Release;
		};
		700BC92A1EAA6843002EB83A /* Build configuration list for PBXNativeTarget "Gif 2 Table" */ = {
			isa = XCConfigurationList;
			buildConfigurations = (
				700BC92B1EAA6843002EB83A /* Debug */,
				700BC92C1EAA6843002EB83A /* Release */,
			);
			defaultConfigurationIsVisible = 0;
			defaultConfigurationName = Release;
		};
/* End XCConfigurationList section */

/* Begin XCVersionGroup section */
		700BC91F1EAA6843002EB83A /* Gif_2_Table.xcdatamodeld */ = {
			isa = XCVersionGroup;
			children = (
				700BC9201EAA6843002EB83A /* Gif_2_Table.xcdatamodel */,
			);
			currentVersion = 700BC9201EAA6843002EB83A /* Gif_2_Table.xcdatamodel */;
			path = Gif_2_Table.xcdatamodeld;
			sourceTree = "<group>";
			versionGroupType = wrapper.xcdatamodel;
		};
/* End XCVersionGroup section */
	};
	rootObject = 700BC90D1EAA6843002EB83A /* Project object */;
}
