// !$*UTF8*$!
{
	archiveVersion = 1;
	classes = {
	};
	objectVersion = 46;
	objects = {

/* Begin PBXBuildFile section */
		205FB6A8ECD6C759BD6E99DF /* Pods_Gif_2_Table.framework in Frameworks */ = {isa = PBXBuildFile; fileRef = 302F39A85D5ACE0E486994D3 /* Pods_Gif_2_Table.framework */; };
		700178D51EB76438006AEF48 /* AVKit.framework in Frameworks */ = {isa = PBXBuildFile; fileRef = 700178D41EB76438006AEF48 /* AVKit.framework */; };
		700178D71EB7A39B006AEF48 /* PlayButton.swift in Sources */ = {isa = PBXBuildFile; fileRef = 700178D61EB7A39B006AEF48 /* PlayButton.swift */; };
		700178D91EB8B310006AEF48 /* SaveFavoritesView.swift in Sources */ = {isa = PBXBuildFile; fileRef = 700178D81EB8B310006AEF48 /* SaveFavoritesView.swift */; };
		700178DB1EB9788C006AEF48 /* Luna.ttf in Resources */ = {isa = PBXBuildFile; fileRef = 700178DA1EB9788C006AEF48 /* Luna.ttf */; };
		700178DD1EB97896006AEF48 /* Mandela Script Personal Use.otf in Resources */ = {isa = PBXBuildFile; fileRef = 700178DC1EB97896006AEF48 /* Mandela Script Personal Use.otf */; };
		700178E01EB97B5B006AEF48 /* HelloIshBig.ttf in Resources */ = {isa = PBXBuildFile; fileRef = 700178DF1EB97B5B006AEF48 /* HelloIshBig.ttf */; };
		700178E21EB97F86006AEF48 /* KGLifeisMessy.ttf in Resources */ = {isa = PBXBuildFile; fileRef = 700178E11EB97F86006AEF48 /* KGLifeisMessy.ttf */; };
		7009F3421EC142E30092471D /* SaveFavButton.swift in Sources */ = {isa = PBXBuildFile; fileRef = 7009F3411EC142E30092471D /* SaveFavButton.swift */; };
		700BC9191EAA6843002EB83A /* AppDelegate.swift in Sources */ = {isa = PBXBuildFile; fileRef = 700BC9181EAA6843002EB83A /* AppDelegate.swift */; };
		700BC91B1EAA6843002EB83A /* MainVC.swift in Sources */ = {isa = PBXBuildFile; fileRef = 700BC91A1EAA6843002EB83A /* MainVC.swift */; };
		700BC9211EAA6843002EB83A /* Gif_2_Table.xcdatamodeld in Sources */ = {isa = PBXBuildFile; fileRef = 700BC91F1EAA6843002EB83A /* Gif_2_Table.xcdatamodeld */; };
		700BC9231EAA6843002EB83A /* Assets.xcassets in Resources */ = {isa = PBXBuildFile; fileRef = 700BC9221EAA6843002EB83A /* Assets.xcassets */; };
		700BC9261EAA6843002EB83A /* LaunchScreen.storyboard in Resources */ = {isa = PBXBuildFile; fileRef = 700BC9241EAA6843002EB83A /* LaunchScreen.storyboard */; };
		700BC92E1EAA726A002EB83A /* MenuBar.swift in Sources */ = {isa = PBXBuildFile; fileRef = 700BC92D1EAA726A002EB83A /* MenuBar.swift */; };
		700BC9301EAABE2C002EB83A /* Extensions.swift in Sources */ = {isa = PBXBuildFile; fileRef = 700BC92F1EAABE2C002EB83A /* Extensions.swift */; };
		700BC9341EAAC19D002EB83A /* RecipeView.swift in Sources */ = {isa = PBXBuildFile; fileRef = 700BC9331EAAC19D002EB83A /* RecipeView.swift */; };
		700BC9361EAAC2F2002EB83A /* IngredientsView.swift in Sources */ = {isa = PBXBuildFile; fileRef = 700BC9351EAAC2F2002EB83A /* IngredientsView.swift */; };
		700BC93A1EAC15DA002EB83A /* RecipeObject.swift in Sources */ = {isa = PBXBuildFile; fileRef = 700BC9391EAC15DA002EB83A /* RecipeObject.swift */; };
		70294BCD1EC5EE8E0097B61B /* GoogleService-Info.plist in Resources */ = {isa = PBXBuildFile; fileRef = 70294BCC1EC5EE8E0097B61B /* GoogleService-Info.plist */; };
		70294BCF1EC5FC110097B61B /* Firebase.swift in Sources */ = {isa = PBXBuildFile; fileRef = 70294BCE1EC5FC110097B61B /* Firebase.swift */; };
		70294BD11EC7E6090097B61B /* MainVCScrollMods.swift in Sources */ = {isa = PBXBuildFile; fileRef = 70294BD01EC7E6090097B61B /* MainVCScrollMods.swift */; };
		70BDB1131EBA9A3500305EA8 /* CustomBackground.swift in Sources */ = {isa = PBXBuildFile; fileRef = 70BDB1121EBA9A3500305EA8 /* CustomBackground.swift */; };
		70BDB1151EBC0D7500305EA8 /* PromptView.swift in Sources */ = {isa = PBXBuildFile; fileRef = 70BDB1141EBC0D7500305EA8 /* PromptView.swift */; };
		70BDB1171EBC248900305EA8 /* TableStyle.swift in Sources */ = {isa = PBXBuildFile; fileRef = 70BDB1161EBC248900305EA8 /* TableStyle.swift */; };
		70E029CB1EC3AD84002F5F06 /* Renogare.ttf in Resources */ = {isa = PBXBuildFile; fileRef = 70E029CA1EC3AD84002F5F06 /* Renogare.ttf */; };
		70E029E31EC4C636002F5F06 /* RecipeModel+CoreDataClass.swift in Sources */ = {isa = PBXBuildFile; fileRef = 70E029E11EC4C636002F5F06 /* RecipeModel+CoreDataClass.swift */; };
		70E029E41EC4C636002F5F06 /* RecipeModel+CoreDataProperties.swift in Sources */ = {isa = PBXBuildFile; fileRef = 70E029E21EC4C636002F5F06 /* RecipeModel+CoreDataProperties.swift */; };
		70E029E71EC4DB6C002F5F06 /* CoreDataManager.swift in Sources */ = {isa = PBXBuildFile; fileRef = 70E029E61EC4DB6C002F5F06 /* CoreDataManager.swift */; };
		70EE7E311EB230B000ADD499 /* FeatureCell.swift in Sources */ = {isa = PBXBuildFile; fileRef = 70EE7E301EB230B000ADD499 /* FeatureCell.swift */; };
		70EE7E341EB231AC00ADD499 /* HistoryFavoritesCell.swift in Sources */ = {isa = PBXBuildFile; fileRef = 70EE7E331EB231AC00ADD499 /* HistoryFavoritesCell.swift */; };
		70EE7E361EB2325C00ADD499 /* ListedRecipeCell.swift in Sources */ = {isa = PBXBuildFile; fileRef = 70EE7E351EB2325C00ADD499 /* ListedRecipeCell.swift */; };
		70EE7E381EB23BC200ADD499 /* EmptyCell.swift in Sources */ = {isa = PBXBuildFile; fileRef = 70EE7E371EB23BC200ADD499 /* EmptyCell.swift */; };
		70FC2FA71EB6D5DA0068B159 /* PlayVideo.swift in Sources */ = {isa = PBXBuildFile; fileRef = 70FC2FA61EB6D5DA0068B159 /* PlayVideo.swift */; };
/* End PBXBuildFile section */

/* Begin PBXFileReference section */
		302F39A85D5ACE0E486994D3 /* Pods_Gif_2_Table.framework */ = {isa = PBXFileReference; explicitFileType = wrapper.framework; includeInIndex = 0; path = Pods_Gif_2_Table.framework; sourceTree = BUILT_PRODUCTS_DIR; };
		3EC0F2C75DED4AB68E294589 /* Pods-Gif 2 Table.release.xcconfig */ = {isa = PBXFileReference; includeInIndex = 1; lastKnownFileType = text.xcconfig; name = "Pods-Gif 2 Table.release.xcconfig"; path = "Pods/Target Support Files/Pods-Gif 2 Table/Pods-Gif 2 Table.release.xcconfig"; sourceTree = "<group>"; };
		49027A9376462FE6E5B74462 /* Pods-Gif 2 Table.debug.xcconfig */ = {isa = PBXFileReference; includeInIndex = 1; lastKnownFileType = text.xcconfig; name = "Pods-Gif 2 Table.debug.xcconfig"; path = "Pods/Target Support Files/Pods-Gif 2 Table/Pods-Gif 2 Table.debug.xcconfig"; sourceTree = "<group>"; };
		700178D41EB76438006AEF48 /* AVKit.framework */ = {isa = PBXFileReference; lastKnownFileType = wrapper.framework; name = AVKit.framework; path = System/Library/Frameworks/AVKit.framework; sourceTree = SDKROOT; };
		700178D61EB7A39B006AEF48 /* PlayButton.swift */ = {isa = PBXFileReference; fileEncoding = 4; lastKnownFileType = sourcecode.swift; path = PlayButton.swift; sourceTree = "<group>"; };
		700178D81EB8B310006AEF48 /* SaveFavoritesView.swift */ = {isa = PBXFileReference; fileEncoding = 4; lastKnownFileType = sourcecode.swift; path = SaveFavoritesView.swift; sourceTree = "<group>"; };
		700178DA1EB9788C006AEF48 /* Luna.ttf */ = {isa = PBXFileReference; lastKnownFileType = file; path = Luna.ttf; sourceTree = "<group>"; };
		700178DC1EB97896006AEF48 /* Mandela Script Personal Use.otf */ = {isa = PBXFileReference; lastKnownFileType = file; path = "Mandela Script Personal Use.otf"; sourceTree = "<group>"; };
		700178DF1EB97B5B006AEF48 /* HelloIshBig.ttf */ = {isa = PBXFileReference; lastKnownFileType = file; path = HelloIshBig.ttf; sourceTree = "<group>"; };
		700178E11EB97F86006AEF48 /* KGLifeisMessy.ttf */ = {isa = PBXFileReference; lastKnownFileType = file; path = KGLifeisMessy.ttf; sourceTree = "<group>"; };
		7009F3411EC142E30092471D /* SaveFavButton.swift */ = {isa = PBXFileReference; fileEncoding = 4; lastKnownFileType = sourcecode.swift; path = SaveFavButton.swift; sourceTree = "<group>"; };
		700BC9151EAA6843002EB83A /* Gif 2 Table.app */ = {isa = PBXFileReference; explicitFileType = wrapper.application; includeInIndex = 0; path = "Gif 2 Table.app"; sourceTree = BUILT_PRODUCTS_DIR; };
		700BC9181EAA6843002EB83A /* AppDelegate.swift */ = {isa = PBXFileReference; lastKnownFileType = sourcecode.swift; path = AppDelegate.swift; sourceTree = "<group>"; };
		700BC91A1EAA6843002EB83A /* MainVC.swift */ = {isa = PBXFileReference; lastKnownFileType = sourcecode.swift; path = MainVC.swift; sourceTree = "<group>"; };
		700BC9201EAA6843002EB83A /* Gif_2_Table.xcdatamodel */ = {isa = PBXFileReference; lastKnownFileType = wrapper.xcdatamodel; path = Gif_2_Table.xcdatamodel; sourceTree = "<group>"; };
		700BC9221EAA6843002EB83A /* Assets.xcassets */ = {isa = PBXFileReference; lastKnownFileType = folder.assetcatalog; path = Assets.xcassets; sourceTree = "<group>"; };
		700BC9251EAA6843002EB83A /* Base */ = {isa = PBXFileReference; lastKnownFileType = file.storyboard; name = Base; path = Base.lproj/LaunchScreen.storyboard; sourceTree = "<group>"; };
		700BC9271EAA6843002EB83A /* Info.plist */ = {isa = PBXFileReference; lastKnownFileType = text.plist.xml; path = Info.plist; sourceTree = "<group>"; };
		700BC92D1EAA726A002EB83A /* MenuBar.swift */ = {isa = PBXFileReference; fileEncoding = 4; lastKnownFileType = sourcecode.swift; path = MenuBar.swift; sourceTree = "<group>"; };
		700BC92F1EAABE2C002EB83A /* Extensions.swift */ = {isa = PBXFileReference; fileEncoding = 4; lastKnownFileType = sourcecode.swift; path = Extensions.swift; sourceTree = "<group>"; };
		700BC9331EAAC19D002EB83A /* RecipeView.swift */ = {isa = PBXFileReference; fileEncoding = 4; lastKnownFileType = sourcecode.swift; path = RecipeView.swift; sourceTree = "<group>"; };
		700BC9351EAAC2F2002EB83A /* IngredientsView.swift */ = {isa = PBXFileReference; fileEncoding = 4; lastKnownFileType = sourcecode.swift; path = IngredientsView.swift; sourceTree = "<group>"; };
		700BC9391EAC15DA002EB83A /* RecipeObject.swift */ = {isa = PBXFileReference; fileEncoding = 4; lastKnownFileType = sourcecode.swift; path = RecipeObject.swift; sourceTree = "<group>"; };
		70294BCC1EC5EE8E0097B61B /* GoogleService-Info.plist */ = {isa = PBXFileReference; fileEncoding = 4; lastKnownFileType = text.plist.xml; path = "GoogleService-Info.plist"; sourceTree = "<group>"; };
		70294BCE1EC5FC110097B61B /* Firebase.swift */ = {isa = PBXFileReference; fileEncoding = 4; lastKnownFileType = sourcecode.swift; path = Firebase.swift; sourceTree = "<group>"; };
		70294BD01EC7E6090097B61B /* MainVCScrollMods.swift */ = {isa = PBXFileReference; fileEncoding = 4; lastKnownFileType = sourcecode.swift; path = MainVCScrollMods.swift; sourceTree = "<group>"; };
		70BDB1121EBA9A3500305EA8 /* CustomBackground.swift */ = {isa = PBXFileReference; fileEncoding = 4; lastKnownFileType = sourcecode.swift; path = CustomBackground.swift; sourceTree = "<group>"; };
		70BDB1141EBC0D7500305EA8 /* PromptView.swift */ = {isa = PBXFileReference; fileEncoding = 4; lastKnownFileType = sourcecode.swift; path = PromptView.swift; sourceTree = "<group>"; };
		70BDB1161EBC248900305EA8 /* TableStyle.swift */ = {isa = PBXFileReference; fileEncoding = 4; lastKnownFileType = sourcecode.swift; path = TableStyle.swift; sourceTree = "<group>"; };
		70E029CA1EC3AD84002F5F06 /* Renogare.ttf */ = {isa = PBXFileReference; lastKnownFileType = file; path = Renogare.ttf; sourceTree = "<group>"; };
		70E029E11EC4C636002F5F06 /* RecipeModel+CoreDataClass.swift */ = {isa = PBXFileReference; fileEncoding = 4; lastKnownFileType = sourcecode.swift; path = "RecipeModel+CoreDataClass.swift"; sourceTree = "<group>"; };
		70E029E21EC4C636002F5F06 /* RecipeModel+CoreDataProperties.swift */ = {isa = PBXFileReference; fileEncoding = 4; lastKnownFileType = sourcecode.swift; path = "RecipeModel+CoreDataProperties.swift"; sourceTree = "<group>"; };
		70E029E61EC4DB6C002F5F06 /* CoreDataManager.swift */ = {isa = PBXFileReference; fileEncoding = 4; lastKnownFileType = sourcecode.swift; name = CoreDataManager.swift; path = "Gif 2 Table/CoreDataManager.swift"; sourceTree = "<group>"; };
		70EE7E301EB230B000ADD499 /* FeatureCell.swift */ = {isa = PBXFileReference; fileEncoding = 4; lastKnownFileType = sourcecode.swift; path = FeatureCell.swift; sourceTree = "<group>"; };
		70EE7E331EB231AC00ADD499 /* HistoryFavoritesCell.swift */ = {isa = PBXFileReference; fileEncoding = 4; lastKnownFileType = sourcecode.swift; path = HistoryFavoritesCell.swift; sourceTree = "<group>"; };
		70EE7E351EB2325C00ADD499 /* ListedRecipeCell.swift */ = {isa = PBXFileReference; fileEncoding = 4; lastKnownFileType = sourcecode.swift; path = ListedRecipeCell.swift; sourceTree = "<group>"; };
		70EE7E371EB23BC200ADD499 /* EmptyCell.swift */ = {isa = PBXFileReference; fileEncoding = 4; lastKnownFileType = sourcecode.swift; path = EmptyCell.swift; sourceTree = "<group>"; };
		70FC2FA61EB6D5DA0068B159 /* PlayVideo.swift */ = {isa = PBXFileReference; fileEncoding = 4; lastKnownFileType = sourcecode.swift; path = PlayVideo.swift; sourceTree = "<group>"; };
/* End PBXFileReference section */

/* Begin PBXFrameworksBuildPhase section */
		700BC9121EAA6843002EB83A /* Frameworks */ = {
			isa = PBXFrameworksBuildPhase;
			buildActionMask = 2147483647;
			files = (
				700178D51EB76438006AEF48 /* AVKit.framework in Frameworks */,
				205FB6A8ECD6C759BD6E99DF /* Pods_Gif_2_Table.framework in Frameworks */,
			);
			runOnlyForDeploymentPostprocessing = 0;
		};
/* End PBXFrameworksBuildPhase section */

/* Begin PBXGroup section */
		5BE1CCA6CDB2B201604ECCA3 /* Pods */ = {
			isa = PBXGroup;
			children = (
				49027A9376462FE6E5B74462 /* Pods-Gif 2 Table.debug.xcconfig */,
				3EC0F2C75DED4AB68E294589 /* Pods-Gif 2 Table.release.xcconfig */,
			);
			name = Pods;
			sourceTree = "<group>";
		};
		700178D31EB76438006AEF48 /* Frameworks */ = {
			isa = PBXGroup;
			children = (
				700178D41EB76438006AEF48 /* AVKit.framework */,
				302F39A85D5ACE0E486994D3 /* Pods_Gif_2_Table.framework */,
			);
			name = Frameworks;
			sourceTree = "<group>";
		};
		700178DE1EB97914006AEF48 /* Fonts */ = {
			isa = PBXGroup;
			children = (
				700178E11EB97F86006AEF48 /* KGLifeisMessy.ttf */,
				700178DF1EB97B5B006AEF48 /* HelloIshBig.ttf */,
				700178DA1EB9788C006AEF48 /* Luna.ttf */,
				70E029CA1EC3AD84002F5F06 /* Renogare.ttf */,
				700178DC1EB97896006AEF48 /* Mandela Script Personal Use.otf */,
			);
			name = Fonts;
			sourceTree = "<group>";
		};
		700BC90C1EAA6843002EB83A = {
			isa = PBXGroup;
			children = (
				700BC9171EAA6843002EB83A /* Gif 2 Table */,
				700BC9161EAA6843002EB83A /* Products */,
				700178D31EB76438006AEF48 /* Frameworks */,
				5BE1CCA6CDB2B201604ECCA3 /* Pods */,
			);
			sourceTree = "<group>";
		};
		700BC9161EAA6843002EB83A /* Products */ = {
			isa = PBXGroup;
			children = (
				700BC9151EAA6843002EB83A /* Gif 2 Table.app */,
			);
			name = Products;
			sourceTree = "<group>";
		};
		700BC9171EAA6843002EB83A /* Gif 2 Table */ = {
			isa = PBXGroup;
			children = (
				700178DE1EB97914006AEF48 /* Fonts */,
				700BC9181EAA6843002EB83A /* AppDelegate.swift */,
				700BC92F1EAABE2C002EB83A /* Extensions.swift */,
				700BC9391EAC15DA002EB83A /* RecipeObject.swift */,
				70FC2FA61EB6D5DA0068B159 /* PlayVideo.swift */,
				70294BCE1EC5FC110097B61B /* Firebase.swift */,
				70E029E51EC4C641002F5F06 /* Core Data */,
				700BC9381EAC15B0002EB83A /* Recipe Views */,
				70EE7E321EB230F200ADD499 /* Section Views */,
				700BC9371EAC1586002EB83A /* General App Views */,
				700BC9221EAA6843002EB83A /* Assets.xcassets */,
				700BC9241EAA6843002EB83A /* LaunchScreen.storyboard */,
				700BC9271EAA6843002EB83A /* Info.plist */,
				70294BCC1EC5EE8E0097B61B /* GoogleService-Info.plist */,
				700BC91F1EAA6843002EB83A /* Gif_2_Table.xcdatamodeld */,
			);
			path = "Gif 2 Table";
			sourceTree = "<group>";
		};
		700BC9371EAC1586002EB83A /* General App Views */ = {
			isa = PBXGroup;
			children = (
				700BC91A1EAA6843002EB83A /* MainVC.swift */,
				70294BD01EC7E6090097B61B /* MainVCScrollMods.swift */,
				700BC92D1EAA726A002EB83A /* MenuBar.swift */,
			);
			name = "General App Views";
			sourceTree = "<group>";
		};
		700BC9381EAC15B0002EB83A /* Recipe Views */ = {
			isa = PBXGroup;
			children = (
				700BC9331EAAC19D002EB83A /* RecipeView.swift */,
				700178D81EB8B310006AEF48 /* SaveFavoritesView.swift */,
				7009F3411EC142E30092471D /* SaveFavButton.swift */,
				700BC9351EAAC2F2002EB83A /* IngredientsView.swift */,
				700178D61EB7A39B006AEF48 /* PlayButton.swift */,
				70EE7E351EB2325C00ADD499 /* ListedRecipeCell.swift */,
				70EE7E371EB23BC200ADD499 /* EmptyCell.swift */,
				70BDB1121EBA9A3500305EA8 /* CustomBackground.swift */,
				70BDB1141EBC0D7500305EA8 /* PromptView.swift */,
			);
			name = "Recipe Views";
			sourceTree = "<group>";
		};
		70E029E51EC4C641002F5F06 /* Core Data */ = {
			isa = PBXGroup;
			children = (
				70E029E61EC4DB6C002F5F06 /* CoreDataManager.swift */,
				70E029E11EC4C636002F5F06 /* RecipeModel+CoreDataClass.swift */,
				70E029E21EC4C636002F5F06 /* RecipeModel+CoreDataProperties.swift */,
			);
			name = "Core Data";
			path = ..;
			sourceTree = "<group>";
		};
		70EE7E321EB230F200ADD499 /* Section Views */ = {
			isa = PBXGroup;
			children = (
				70EE7E301EB230B000ADD499 /* FeatureCell.swift */,
				70EE7E331EB231AC00ADD499 /* HistoryFavoritesCell.swift */,
				70BDB1161EBC248900305EA8 /* TableStyle.swift */,
			);
			name = "Section Views";
			sourceTree = "<group>";
		};
/* End PBXGroup section */

/* Begin PBXNativeTarget section */
		700BC9141EAA6843002EB83A /* Gif 2 Table */ = {
			isa = PBXNativeTarget;
			buildConfigurationList = 700BC92A1EAA6843002EB83A /* Build configuration list for PBXNativeTarget "Gif 2 Table" */;
			buildPhases = (
				E67E58954C90E8E32E0F4C98 /* [CP] Check Pods Manifest.lock */,
				700BC9111EAA6843002EB83A /* Sources */,
				700BC9121EAA6843002EB83A /* Frameworks */,
				700BC9131EAA6843002EB83A /* Resources */,
				66CEECF5797CDF05EE8869DE /* [CP] Embed Pods Frameworks */,
				0BC99C7C39D47EFC64517C4E /* [CP] Copy Pods Resources */,
			);
			buildRules = (
			);
			dependencies = (
			);
			name = "Gif 2 Table";
			productName = "Gif 2 Table";
			productReference = 700BC9151EAA6843002EB83A /* Gif 2 Table.app */;
			productType = "com.apple.product-type.application";
		};
/* End PBXNativeTarget section */

/* Begin PBXProject section */
		700BC90D1EAA6843002EB83A /* Project object */ = {
			isa = PBXProject;
			attributes = {
				LastSwiftUpdateCheck = 0830;
				LastUpgradeCheck = 0830;
				ORGANIZATIONNAME = DLEE;
				TargetAttributes = {
					700BC9141EAA6843002EB83A = {
						CreatedOnToolsVersion = 8.3.1;
						DevelopmentTeam = 76EM9P9GMZ;
						ProvisioningStyle = Automatic;
					};
				};
			};
			buildConfigurationList = 700BC9101EAA6843002EB83A /* Build configuration list for PBXProject "Gif 2 Table" */;
			compatibilityVersion = "Xcode 3.2";
			developmentRegion = English;
			hasScannedForEncodings = 0;
			knownRegions = (
				en,
				Base,
			);
			mainGroup = 700BC90C1EAA6843002EB83A;
			productRefGroup = 700BC9161EAA6843002EB83A /* Products */;
			projectDirPath = "";
			projectRoot = "";
			targets = (
				700BC9141EAA6843002EB83A /* Gif 2 Table */,
			);
		};
/* End PBXProject section */

/* Begin PBXResourcesBuildPhase section */
		700BC9131EAA6843002EB83A /* Resources */ = {
			isa = PBXResourcesBuildPhase;
			buildActionMask = 2147483647;
			files = (
				700178E21EB97F86006AEF48 /* KGLifeisMessy.ttf in Resources */,
				70294BCD1EC5EE8E0097B61B /* GoogleService-Info.plist in Resources */,
				700178DB1EB9788C006AEF48 /* Luna.ttf in Resources */,
				700BC9261EAA6843002EB83A /* LaunchScreen.storyboard in Resources */,
				700178E01EB97B5B006AEF48 /* HelloIshBig.ttf in Resources */,
				70E029CB1EC3AD84002F5F06 /* Renogare.ttf in Resources */,
				700178DD1EB97896006AEF48 /* Mandela Script Personal Use.otf in Resources */,
				700BC9231EAA6843002EB83A /* Assets.xcassets in Resources */,
			);
			runOnlyForDeploymentPostprocessing = 0;
		};
/* End PBXResourcesBuildPhase section */

/* Begin PBXShellScriptBuildPhase section */
		0BC99C7C39D47EFC64517C4E /* [CP] Copy Pods Resources */ = {
			isa = PBXShellScriptBuildPhase;
			buildActionMask = 2147483647;
			files = (
			);
			inputPaths = (
			);
			name = "[CP] Copy Pods Resources";
			outputPaths = (
			);
			runOnlyForDeploymentPostprocessing = 0;
			shellPath = /bin/sh;
			shellScript = "\"${SRCROOT}/Pods/Target Support Files/Pods-Gif 2 Table/Pods-Gif 2 Table-resources.sh\"\n";
			showEnvVarsInLog = 0;
		};
		66CEECF5797CDF05EE8869DE /* [CP] Embed Pods Frameworks */ = {
			isa = PBXShellScriptBuildPhase;
			buildActionMask = 2147483647;
			files = (
			);
			inputPaths = (
			);
			name = "[CP] Embed Pods Frameworks";
			outputPaths = (
			);
			runOnlyForDeploymentPostprocessing = 0;
			shellPath = /bin/sh;
			shellScript = "\"${SRCROOT}/Pods/Target Support Files/Pods-Gif 2 Table/Pods-Gif 2 Table-frameworks.sh\"\n";
			showEnvVarsInLog = 0;
		};
		E67E58954C90E8E32E0F4C98 /* [CP] Check Pods Manifest.lock */ = {
			isa = PBXShellScriptBuildPhase;
			buildActionMask = 2147483647;
			files = (
			);
			inputPaths = (
			);
			name = "[CP] Check Pods Manifest.lock";
			outputPaths = (
			);
			runOnlyForDeploymentPostprocessing = 0;
			shellPath = /bin/sh;
			shellScript = "diff \"${PODS_ROOT}/../Podfile.lock\" \"${PODS_ROOT}/Manifest.lock\" > /dev/null\nif [ $? != 0 ] ; then\n    # print error to STDERR\n    echo \"error: The sandbox is not in sync with the Podfile.lock. Run 'pod install' or update your CocoaPods installation.\" >&2\n    exit 1\nfi\n";
			showEnvVarsInLog = 0;
		};
/* End PBXShellScriptBuildPhase section */

/* Begin PBXSourcesBuildPhase section */
		700BC9111EAA6843002EB83A /* Sources */ = {
			isa = PBXSourcesBuildPhase;
			buildActionMask = 2147483647;
			files = (
				700BC9341EAAC19D002EB83A /* RecipeView.swift in Sources */,
				70294BD11EC7E6090097B61B /* MainVCScrollMods.swift in Sources */,
				70294BCF1EC5FC110097B61B /* Firebase.swift in Sources */,
				70BDB1151EBC0D7500305EA8 /* PromptView.swift in Sources */,
				700BC9301EAABE2C002EB83A /* Extensions.swift in Sources */,
				70EE7E311EB230B000ADD499 /* FeatureCell.swift in Sources */,
				70BDB1171EBC248900305EA8 /* TableStyle.swift in Sources */,
				700BC91B1EAA6843002EB83A /* MainVC.swift in Sources */,
				700BC9361EAAC2F2002EB83A /* IngredientsView.swift in Sources */,
				70FC2FA71EB6D5DA0068B159 /* PlayVideo.swift in Sources */,
				70EE7E381EB23BC200ADD499 /* EmptyCell.swift in Sources */,
				700BC93A1EAC15DA002EB83A /* RecipeObject.swift in Sources */,
				70E029E71EC4DB6C002F5F06 /* CoreDataManager.swift in Sources */,
				700BC9211EAA6843002EB83A /* Gif_2_Table.xcdatamodeld in Sources */,
				70E029E31EC4C636002F5F06 /* RecipeModel+CoreDataClass.swift in Sources */,
				70BDB1131EBA9A3500305EA8 /* CustomBackground.swift in Sources */,
				700BC92E1EAA726A002EB83A /* MenuBar.swift in Sources */,
				7009F3421EC142E30092471D /* SaveFavButton.swift in Sources */,
				700178D71EB7A39B006AEF48 /* PlayButton.swift in Sources */,
				70EE7E341EB231AC00ADD499 /* HistoryFavoritesCell.swift in Sources */,
				70E029E41EC4C636002F5F06 /* RecipeModel+CoreDataProperties.swift in Sources */,
				70EE7E361EB2325C00ADD499 /* ListedRecipeCell.swift in Sources */,
				700BC9191EAA6843002EB83A /* AppDelegate.swift in Sources */,
				700178D91EB8B310006AEF48 /* SaveFavoritesView.swift in Sources */,
			);
			runOnlyForDeploymentPostprocessing = 0;
		};
/* End PBXSourcesBuildPhase section */

/* Begin PBXVariantGroup section */
		700BC9241EAA6843002EB83A /* LaunchScreen.storyboard */ = {
			isa = PBXVariantGroup;
			children = (
				700BC9251EAA6843002EB83A /* Base */,
			);
			name = LaunchScreen.storyboard;
			sourceTree = "<group>";
		};
/* End PBXVariantGroup section */

/* Begin XCBuildConfiguration section */
		700BC9281EAA6843002EB83A /* Debug */ = {
			isa = XCBuildConfiguration;
			buildSettings = {
				ALWAYS_SEARCH_USER_PATHS = NO;
				CLANG_ANALYZER_NONNULL = YES;
				CLANG_ANALYZER_NUMBER_OBJECT_CONVERSION = YES_AGGRESSIVE;
				CLANG_CXX_LANGUAGE_STANDARD = "gnu++0x";
				CLANG_CXX_LIBRARY = "libc++";
				CLANG_ENABLE_MODULES = YES;
				CLANG_ENABLE_OBJC_ARC = YES;
				CLANG_WARN_BOOL_CONVERSION = YES;
				CLANG_WARN_CONSTANT_CONVERSION = YES;
				CLANG_WARN_DIRECT_OBJC_ISA_USAGE = YES_ERROR;
				CLANG_WARN_DOCUMENTATION_COMMENTS = YES;
				CLANG_WARN_EMPTY_BODY = YES;
				CLANG_WARN_ENUM_CONVERSION = YES;
				CLANG_WARN_INFINITE_RECURSION = YES;
				CLANG_WARN_INT_CONVERSION = YES;
				CLANG_WARN_OBJC_ROOT_CLASS = YES_ERROR;
				CLANG_WARN_SUSPICIOUS_MOVE = YES;
				CLANG_WARN_UNREACHABLE_CODE = YES;
				CLANG_WARN__DUPLICATE_METHOD_MATCH = YES;
				"CODE_SIGN_IDENTITY[sdk=iphoneos*]" = "iPhone Developer";
				COPY_PHASE_STRIP = NO;
				DEBUG_INFORMATION_FORMAT = dwarf;
				ENABLE_STRICT_OBJC_MSGSEND = YES;
				ENABLE_TESTABILITY = YES;
				GCC_C_LANGUAGE_STANDARD = gnu99;
				GCC_DYNAMIC_NO_PIC = NO;
				GCC_NO_COMMON_BLOCKS = YES;
				GCC_OPTIMIZATION_LEVEL = 0;
				GCC_PREPROCESSOR_DEFINITIONS = (
					"DEBUG=1",
					"$(inherited)",
				);
				GCC_WARN_64_TO_32_BIT_CONVERSION = YES;
				GCC_WARN_ABOUT_RETURN_TYPE = YES_ERROR;
				GCC_WARN_UNDECLARED_SELECTOR = YES;
				GCC_WARN_UNINITIALIZED_AUTOS = YES_AGGRESSIVE;
				GCC_WARN_UNUSED_FUNCTION = YES;
				GCC_WARN_UNUSED_VARIABLE = YES;
				IPHONEOS_DEPLOYMENT_TARGET = 10.3;
				MTL_ENABLE_DEBUG_INFO = YES;
				ONLY_ACTIVE_ARCH = YES;
				SDKROOT = iphoneos;
				SWIFT_ACTIVE_COMPILATION_CONDITIONS = DEBUG;
				SWIFT_OPTIMIZATION_LEVEL = "-Onone";
			};
			name = Debug;
		};
		700BC9291EAA6843002EB83A /* Release */ = {
			isa = XCBuildConfiguration;
			buildSettings = {
				ALWAYS_SEARCH_USER_PATHS = NO;
				CLANG_ANALYZER_NONNULL = YES;
				CLANG_ANALYZER_NUMBER_OBJECT_CONVERSION = YES_AGGRESSIVE;
				CLANG_CXX_LANGUAGE_STANDARD = "gnu++0x";
				CLANG_CXX_LIBRARY = "libc++";
				CLANG_ENABLE_MODULES = YES;
				CLANG_ENABLE_OBJC_ARC = YES;
				CLANG_WARN_BOOL_CONVERSION = YES;
				CLANG_WARN_CONSTANT_CONVERSION = YES;
				CLANG_WARN_DIRECT_OBJC_ISA_USAGE = YES_ERROR;
				CLANG_WARN_DOCUMENTATION_COMMENTS = YES;
				CLANG_WARN_EMPTY_BODY = YES;
				CLANG_WARN_ENUM_CONVERSION = YES;
				CLANG_WARN_INFINITE_RECURSION = YES;
				CLANG_WARN_INT_CONVERSION = YES;
				CLANG_WARN_OBJC_ROOT_CLASS = YES_ERROR;
				CLANG_WARN_SUSPICIOUS_MOVE = YES;
				CLANG_WARN_UNREACHABLE_CODE = YES;
				CLANG_WARN__DUPLICATE_METHOD_MATCH = YES;
				"CODE_SIGN_IDENTITY[sdk=iphoneos*]" = "iPhone Developer";
				COPY_PHASE_STRIP = NO;
				DEBUG_INFORMATION_FORMAT = "dwarf-with-dsym";
				ENABLE_NS_ASSERTIONS = NO;
				ENABLE_STRICT_OBJC_MSGSEND = YES;
				GCC_C_LANGUAGE_STANDARD = gnu99;
				GCC_NO_COMMON_BLOCKS = YES;
				GCC_WARN_64_TO_32_BIT_CONVERSION = YES;
				GCC_WARN_ABOUT_RETURN_TYPE = YES_ERROR;
				GCC_WARN_UNDECLARED_SELECTOR = YES;
				GCC_WARN_UNINITIALIZED_AUTOS = YES_AGGRESSIVE;
				GCC_WARN_UNUSED_FUNCTION = YES;
				GCC_WARN_UNUSED_VARIABLE = YES;
				IPHONEOS_DEPLOYMENT_TARGET = 10.3;
				MTL_ENABLE_DEBUG_INFO = NO;
				SDKROOT = iphoneos;
				SWIFT_OPTIMIZATION_LEVEL = "-Owholemodule";
				VALIDATE_PRODUCT = YES;
			};
			name = Release;
		};
		700BC92B1EAA6843002EB83A /* Debug */ = {
			isa = XCBuildConfiguration;
			baseConfigurationReference = 49027A9376462FE6E5B74462 /* Pods-Gif 2 Table.debug.xcconfig */;
			buildSettings = {
				ASSETCATALOG_COMPILER_APPICON_NAME = AppIcon;
				DEVELOPMENT_TEAM = 76EM9P9GMZ;
				INFOPLIST_FILE = "Gif 2 Table/Info.plist";
				IPHONEOS_DEPLOYMENT_TARGET = 10.0;
				LD_RUNPATH_SEARCH_PATHS = "$(inherited) @executable_path/Frameworks";
				PRODUCT_BUNDLE_IDENTIFIER = com.dlee923.GifChef;
				PRODUCT_NAME = "$(TARGET_NAME)";
				SWIFT_VERSION = 3.0;
			};
			name = Debug;
		};
		700BC92C1EAA6843002EB83A /* Release */ = {
			isa = XCBuildConfiguration;
			baseConfigurationReference = 3EC0F2C75DED4AB68E294589 /* Pods-Gif 2 Table.release.xcconfig */;
			buildSettings = {
				ASSETCATALOG_COMPILER_APPICON_NAME = AppIcon;
				DEVELOPMENT_TEAM = 76EM9P9GMZ;
				INFOPLIST_FILE = "Gif 2 Table/Info.plist";
				IPHONEOS_DEPLOYMENT_TARGET = 10.0;
				LD_RUNPATH_SEARCH_PATHS = "$(inherited) @executable_path/Frameworks";
				PRODUCT_BUNDLE_IDENTIFIER = com.dlee923.GifChef;
				PRODUCT_NAME = "$(TARGET_NAME)";
				SWIFT_VERSION = 3.0;
			};
			name = Release;
		};
/* End XCBuildConfiguration section */

/* Begin XCConfigurationList section */
		700BC9101EAA6843002EB83A /* Build configuration list for PBXProject "Gif 2 Table" */ = {
			isa = XCConfigurationList;
			buildConfigurations = (
				700BC9281EAA6843002EB83A /* Debug */,
				700BC9291EAA6843002EB83A /* Release */,
			);
			defaultConfigurationIsVisible = 0;
			defaultConfigurationName = Release;
		};
		700BC92A1EAA6843002EB83A /* Build configuration list for PBXNativeTarget "Gif 2 Table" */ = {
			isa = XCConfigurationList;
			buildConfigurations = (
				700BC92B1EAA6843002EB83A /* Debug */,
				700BC92C1EAA6843002EB83A /* Release */,
			);
			defaultConfigurationIsVisible = 0;
			defaultConfigurationName = Release;
		};
/* End XCConfigurationList section */

/* Begin XCVersionGroup section */
		700BC91F1EAA6843002EB83A /* Gif_2_Table.xcdatamodeld */ = {
			isa = XCVersionGroup;
			children = (
				700BC9201EAA6843002EB83A /* Gif_2_Table.xcdatamodel */,
			);
			currentVersion = 700BC9201EAA6843002EB83A /* Gif_2_Table.xcdatamodel */;
			path = Gif_2_Table.xcdatamodeld;
			sourceTree = "<group>";
			versionGroupType = wrapper.xcdatamodel;
		};
/* End XCVersionGroup section */
	};
	rootObject = 700BC90D1EAA6843002EB83A /* Project object */;
}
